// !$*UTF8*$!
{
	archiveVersion = 1;
	classes = {
	};
	objectVersion = 42;
	objects = {

/* Begin PBXBuildFile section */
		2C05598929F3B821009CF3A4 /* FleetMenu.cpp in Sources */ = {isa = PBXBuildFile; fileRef = 2C05598729F3B81F009CF3A4 /* FleetMenu.cpp */; };
		2C27177417501FFE005CCFF4 /* xwing128.icns in Resources */ = {isa = PBXBuildFile; fileRef = 2C27177317501FFE005CCFF4 /* xwing128.icns */; };
		2C814FFB29DD27F600AE7B00 /* InputManager.cpp in Sources */ = {isa = PBXBuildFile; fileRef = 2C814FF929DD27F600AE7B00 /* InputManager.cpp */; };
		2C814FFE29DD282000AE7B00 /* strtok_r.cpp in Sources */ = {isa = PBXBuildFile; fileRef = 2C814FFC29DD282000AE7B00 /* strtok_r.cpp */; };
		2C81500129DD283C00AE7B00 /* Randomizer.cpp in Sources */ = {isa = PBXBuildFile; fileRef = 2C814FFF29DD283C00AE7B00 /* Randomizer.cpp */; };
		2C81500429DD289100AE7B00 /* ScrollArea.cpp in Sources */ = {isa = PBXBuildFile; fileRef = 2C81500229DD289100AE7B00 /* ScrollArea.cpp */; };
		2CAACE972AEA7CEC0049807F /* Checkpoint.cpp in Sources */ = {isa = PBXBuildFile; fileRef = 2CAACE952AEA7CEC0049807F /* Checkpoint.cpp */; };
		2CABFEB0240537E9005387AD /* ShipClass.cpp in Sources */ = {isa = PBXBuildFile; fileRef = 2CABFEAF240537E9005387AD /* ShipClass.cpp */; };
		2CBA723A137A7FD2006633A8 /* Cocoa.framework in Frameworks */ = {isa = PBXBuildFile; fileRef = 2CBA7239137A7FD2006633A8 /* Cocoa.framework */; };
		2CD2DD34191D6D08003E46AA /* Asteroid.cpp in Sources */ = {isa = PBXBuildFile; fileRef = 2CD2DD15191D6D08003E46AA /* Asteroid.cpp */; };
		2CD2DD35191D6D08003E46AA /* DeathStar.cpp in Sources */ = {isa = PBXBuildFile; fileRef = 2CD2DD17191D6D08003E46AA /* DeathStar.cpp */; };
		2CD2DD36191D6D08003E46AA /* DeathStarBox.cpp in Sources */ = {isa = PBXBuildFile; fileRef = 2CD2DD19191D6D08003E46AA /* DeathStarBox.cpp */; };
		2CD2DD37191D6D08003E46AA /* RenderLayer.cpp in Sources */ = {isa = PBXBuildFile; fileRef = 2CD2DD1B191D6D08003E46AA /* RenderLayer.cpp */; };
		2CD2DD38191D6D08003E46AA /* Ship.cpp in Sources */ = {isa = PBXBuildFile; fileRef = 2CD2DD1D191D6D08003E46AA /* Ship.cpp */; };
		2CD2DD39191D6D08003E46AA /* Shot.cpp in Sources */ = {isa = PBXBuildFile; fileRef = 2CD2DD1F191D6D08003E46AA /* Shot.cpp */; };
		2CD2DD3A191D6D08003E46AA /* Turret.cpp in Sources */ = {isa = PBXBuildFile; fileRef = 2CD2DD21191D6D08003E46AA /* Turret.cpp */; };
		2CD2DD3B191D6D08003E46AA /* Main.cpp in Sources */ = {isa = PBXBuildFile; fileRef = 2CD2DD23191D6D08003E46AA /* Main.cpp */; };
		2CD2DD3C191D6D08003E46AA /* IngameMenu.cpp in Sources */ = {isa = PBXBuildFile; fileRef = 2CD2DD25191D6D08003E46AA /* IngameMenu.cpp */; };
		2CD2DD3D191D6D08003E46AA /* JoinMenu.cpp in Sources */ = {isa = PBXBuildFile; fileRef = 2CD2DD27191D6D08003E46AA /* JoinMenu.cpp */; };
		2CD2DD3E191D6D08003E46AA /* LobbyMenu.cpp in Sources */ = {isa = PBXBuildFile; fileRef = 2CD2DD29191D6D08003E46AA /* LobbyMenu.cpp */; };
		2CD2DD3F191D6D08003E46AA /* MainMenu.cpp in Sources */ = {isa = PBXBuildFile; fileRef = 2CD2DD2B191D6D08003E46AA /* MainMenu.cpp */; };
		2CD2DD40191D6D08003E46AA /* PrefsMenu.cpp in Sources */ = {isa = PBXBuildFile; fileRef = 2CD2DD2D191D6D08003E46AA /* PrefsMenu.cpp */; };
		2CD2DD41191D6D08003E46AA /* XWingGame.cpp in Sources */ = {isa = PBXBuildFile; fileRef = 2CD2DD30191D6D08003E46AA /* XWingGame.cpp */; };
		2CD2DD42191D6D08003E46AA /* XWingServer.cpp in Sources */ = {isa = PBXBuildFile; fileRef = 2CD2DD32191D6D08003E46AA /* XWingServer.cpp */; };
		2CD2E1CF191D6D38003E46AA /* RaptorGame.cpp in Sources */ = {isa = PBXBuildFile; fileRef = 2CD2DFAF191D6D38003E46AA /* RaptorGame.cpp */; };
		2CD2E1D0191D6D38003E46AA /* RaptorServer.cpp in Sources */ = {isa = PBXBuildFile; fileRef = 2CD2DFB1191D6D38003E46AA /* RaptorServer.cpp */; };
		2CD2E1D1191D6D38003E46AA /* GameData.cpp in Sources */ = {isa = PBXBuildFile; fileRef = 2CD2DFB4191D6D38003E46AA /* GameData.cpp */; };
		2CD2E1D2191D6D38003E46AA /* GameObject.cpp in Sources */ = {isa = PBXBuildFile; fileRef = 2CD2DFB6191D6D38003E46AA /* GameObject.cpp */; };
		2CD2E1D3191D6D38003E46AA /* Player.cpp in Sources */ = {isa = PBXBuildFile; fileRef = 2CD2DFB8191D6D38003E46AA /* Player.cpp */; };
		2CD2E1D4191D6D38003E46AA /* Animation.cpp in Sources */ = {isa = PBXBuildFile; fileRef = 2CD2DFBB191D6D38003E46AA /* Animation.cpp */; };
		2CD2E1D5191D6D38003E46AA /* Camera.cpp in Sources */ = {isa = PBXBuildFile; fileRef = 2CD2DFBD191D6D38003E46AA /* Camera.cpp */; };
		2CD2E1D6191D6D38003E46AA /* Color.cpp in Sources */ = {isa = PBXBuildFile; fileRef = 2CD2DFBF191D6D38003E46AA /* Color.cpp */; };
		2CD2E1D7191D6D38003E46AA /* Effect.cpp in Sources */ = {isa = PBXBuildFile; fileRef = 2CD2DFC1191D6D38003E46AA /* Effect.cpp */; };
		2CD2E1D8191D6D38003E46AA /* Framebuffer.cpp in Sources */ = {isa = PBXBuildFile; fileRef = 2CD2DFC3191D6D38003E46AA /* Framebuffer.cpp */; };
		2CD2E1D9191D6D38003E46AA /* Graphics.cpp in Sources */ = {isa = PBXBuildFile; fileRef = 2CD2DFC5191D6D38003E46AA /* Graphics.cpp */; };
		2CD2E1DA191D6D38003E46AA /* Model.cpp in Sources */ = {isa = PBXBuildFile; fileRef = 2CD2DFC7191D6D38003E46AA /* Model.cpp */; };
		2CD2E1DB191D6D38003E46AA /* Shader.cpp in Sources */ = {isa = PBXBuildFile; fileRef = 2CD2DFCA191D6D38003E46AA /* Shader.cpp */; };
		2CD2E1DC191D6D38003E46AA /* ShaderManager.cpp in Sources */ = {isa = PBXBuildFile; fileRef = 2CD2DFCC191D6D38003E46AA /* ShaderManager.cpp */; };
		2CD2E1DD191D6D38003E46AA /* JoystickManager.cpp in Sources */ = {isa = PBXBuildFile; fileRef = 2CD2DFCF191D6D38003E46AA /* JoystickManager.cpp */; };
		2CD2E1DE191D6D38003E46AA /* JoystickState.cpp in Sources */ = {isa = PBXBuildFile; fileRef = 2CD2DFD1191D6D38003E46AA /* JoystickState.cpp */; };
		2CD2E1DF191D6D38003E46AA /* KeyboardState.cpp in Sources */ = {isa = PBXBuildFile; fileRef = 2CD2DFD3191D6D38003E46AA /* KeyboardState.cpp */; };
		2CD2E1E0191D6D38003E46AA /* MouseState.cpp in Sources */ = {isa = PBXBuildFile; fileRef = 2CD2DFD5191D6D38003E46AA /* MouseState.cpp */; };
		2CD2E1E1191D6D38003E46AA /* ClientConfig.cpp in Sources */ = {isa = PBXBuildFile; fileRef = 2CD2DFD8191D6D38003E46AA /* ClientConfig.cpp */; };
		2CD2E1E2191D6D38003E46AA /* Clock.cpp in Sources */ = {isa = PBXBuildFile; fileRef = 2CD2DFDA191D6D38003E46AA /* Clock.cpp */; };
		2CD2E1E3191D6D38003E46AA /* Endian.cpp in Sources */ = {isa = PBXBuildFile; fileRef = 2CD2DFDC191D6D38003E46AA /* Endian.cpp */; };
		2CD2E1E4191D6D38003E46AA /* File.cpp in Sources */ = {isa = PBXBuildFile; fileRef = 2CD2DFDE191D6D38003E46AA /* File.cpp */; };
		2CD2E1E5191D6D38003E46AA /* gettimeofday.cpp in Sources */ = {isa = PBXBuildFile; fileRef = 2CD2DFE0191D6D38003E46AA /* gettimeofday.cpp */; };
		2CD2E1E6191D6D38003E46AA /* Identifier.cpp in Sources */ = {isa = PBXBuildFile; fileRef = 2CD2DFE2191D6D38003E46AA /* Identifier.cpp */; };
		2CD2E1E7191D6D38003E46AA /* Math2D.cpp in Sources */ = {isa = PBXBuildFile; fileRef = 2CD2DFE4191D6D38003E46AA /* Math2D.cpp */; };
		2CD2E1E8191D6D38003E46AA /* Math3D.cpp in Sources */ = {isa = PBXBuildFile; fileRef = 2CD2DFE6191D6D38003E46AA /* Math3D.cpp */; };
		2CD2E1E9191D6D38003E46AA /* Mutex.cpp in Sources */ = {isa = PBXBuildFile; fileRef = 2CD2DFE8191D6D38003E46AA /* Mutex.cpp */; };
		2CD2E1EA191D6D38003E46AA /* Num.cpp in Sources */ = {isa = PBXBuildFile; fileRef = 2CD2DFEA191D6D38003E46AA /* Num.cpp */; };
		2CD2E1EB191D6D38003E46AA /* Pos.cpp in Sources */ = {isa = PBXBuildFile; fileRef = 2CD2DFEC191D6D38003E46AA /* Pos.cpp */; };
		2CD2E1EC191D6D38003E46AA /* Rand.cpp in Sources */ = {isa = PBXBuildFile; fileRef = 2CD2DFEE191D6D38003E46AA /* Rand.cpp */; };
		2CD2E1ED191D6D38003E46AA /* ResourceManager.cpp in Sources */ = {isa = PBXBuildFile; fileRef = 2CD2DFF0191D6D38003E46AA /* ResourceManager.cpp */; };
		2CD2E1EE191D6D38003E46AA /* ServerConsole.cpp in Sources */ = {isa = PBXBuildFile; fileRef = 2CD2DFF2191D6D38003E46AA /* ServerConsole.cpp */; };
		2CD2E1EF191D6D38003E46AA /* Str.cpp in Sources */ = {isa = PBXBuildFile; fileRef = 2CD2DFF4191D6D38003E46AA /* Str.cpp */; };
		2CD2E1F0191D6D38003E46AA /* TextConsole.cpp in Sources */ = {isa = PBXBuildFile; fileRef = 2CD2DFF6191D6D38003E46AA /* TextConsole.cpp */; };
		2CD2E1F1191D6D38003E46AA /* Vec.cpp in Sources */ = {isa = PBXBuildFile; fileRef = 2CD2DFF8191D6D38003E46AA /* Vec.cpp */; };
		2CD2E1F2191D6D38003E46AA /* ConnectedClient.cpp in Sources */ = {isa = PBXBuildFile; fileRef = 2CD2DFFB191D6D38003E46AA /* ConnectedClient.cpp */; };
		2CD2E1F3191D6D38003E46AA /* NetClient.cpp in Sources */ = {isa = PBXBuildFile; fileRef = 2CD2DFFD191D6D38003E46AA /* NetClient.cpp */; };
		2CD2E1F4191D6D38003E46AA /* NetServer.cpp in Sources */ = {isa = PBXBuildFile; fileRef = 2CD2DFFF191D6D38003E46AA /* NetServer.cpp */; };
		2CD2E1F5191D6D38003E46AA /* NetUDP.cpp in Sources */ = {isa = PBXBuildFile; fileRef = 2CD2E001191D6D38003E46AA /* NetUDP.cpp */; };
		2CD2E1F6191D6D38003E46AA /* Packet.cpp in Sources */ = {isa = PBXBuildFile; fileRef = 2CD2E003191D6D38003E46AA /* Packet.cpp */; };
		2CD2E1F7191D6D38003E46AA /* PacketBuffer.cpp in Sources */ = {isa = PBXBuildFile; fileRef = 2CD2E005191D6D38003E46AA /* PacketBuffer.cpp */; };
		2CD2E1F8191D6D38003E46AA /* DirectOutputImpl.cpp in Sources */ = {isa = PBXBuildFile; fileRef = 2CD2E009191D6D38003E46AA /* DirectOutputImpl.cpp */; };
		2CD2E1F9191D6D38003E46AA /* SaitekDevice.cpp in Sources */ = {isa = PBXBuildFile; fileRef = 2CD2E00B191D6D38003E46AA /* SaitekDevice.cpp */; };
		2CD2E1FA191D6D38003E46AA /* SaitekFIP.cpp in Sources */ = {isa = PBXBuildFile; fileRef = 2CD2E00D191D6D38003E46AA /* SaitekFIP.cpp */; };
		2CD2E1FB191D6D38003E46AA /* SaitekManager.cpp in Sources */ = {isa = PBXBuildFile; fileRef = 2CD2E00F191D6D38003E46AA /* SaitekManager.cpp */; };
		2CD2E1FC191D6D38003E46AA /* SaitekX52Pro.cpp in Sources */ = {isa = PBXBuildFile; fileRef = 2CD2E011191D6D38003E46AA /* SaitekX52Pro.cpp */; };
		2CD2E1FD191D6D38003E46AA /* PanningSound.cpp in Sources */ = {isa = PBXBuildFile; fileRef = 2CD2E014191D6D38003E46AA /* PanningSound.cpp */; };
		2CD2E1FE191D6D38003E46AA /* SoundOut.cpp in Sources */ = {isa = PBXBuildFile; fileRef = 2CD2E016191D6D38003E46AA /* SoundOut.cpp */; };
		2CD2E1FF191D6D38003E46AA /* Button.cpp in Sources */ = {isa = PBXBuildFile; fileRef = 2CD2E019191D6D38003E46AA /* Button.cpp */; };
		2CD2E200191D6D38003E46AA /* CheckBox.cpp in Sources */ = {isa = PBXBuildFile; fileRef = 2CD2E01B191D6D38003E46AA /* CheckBox.cpp */; };
		2CD2E201191D6D38003E46AA /* ClientConsole.cpp in Sources */ = {isa = PBXBuildFile; fileRef = 2CD2E01D191D6D38003E46AA /* ClientConsole.cpp */; };
		2CD2E202191D6D38003E46AA /* DropDown.cpp in Sources */ = {isa = PBXBuildFile; fileRef = 2CD2E01F191D6D38003E46AA /* DropDown.cpp */; };
		2CD2E203191D6D38003E46AA /* FirstLoadScreen.cpp in Sources */ = {isa = PBXBuildFile; fileRef = 2CD2E021191D6D38003E46AA /* FirstLoadScreen.cpp */; };
		2CD2E204191D6D38003E46AA /* Font.cpp in Sources */ = {isa = PBXBuildFile; fileRef = 2CD2E023191D6D38003E46AA /* Font.cpp */; };
		2CD2E205191D6D38003E46AA /* GroupBox.cpp in Sources */ = {isa = PBXBuildFile; fileRef = 2CD2E025191D6D38003E46AA /* GroupBox.cpp */; };
		2CD2E206191D6D38003E46AA /* Label.cpp in Sources */ = {isa = PBXBuildFile; fileRef = 2CD2E027191D6D38003E46AA /* Label.cpp */; };
		2CD2E207191D6D38003E46AA /* LabelledButton.cpp in Sources */ = {isa = PBXBuildFile; fileRef = 2CD2E029191D6D38003E46AA /* LabelledButton.cpp */; };
		2CD2E208191D6D38003E46AA /* Layer.cpp in Sources */ = {isa = PBXBuildFile; fileRef = 2CD2E02B191D6D38003E46AA /* Layer.cpp */; };
		2CD2E209191D6D38003E46AA /* LayerManager.cpp in Sources */ = {isa = PBXBuildFile; fileRef = 2CD2E02D191D6D38003E46AA /* LayerManager.cpp */; };
		2CD2E20A191D6D38003E46AA /* ListBox.cpp in Sources */ = {isa = PBXBuildFile; fileRef = 2CD2E02F191D6D38003E46AA /* ListBox.cpp */; };
		2CD2E20B191D6D38003E46AA /* MessageOverlay.cpp in Sources */ = {isa = PBXBuildFile; fileRef = 2CD2E031191D6D38003E46AA /* MessageOverlay.cpp */; };
		2CD2E20C191D6D38003E46AA /* Notification.cpp in Sources */ = {isa = PBXBuildFile; fileRef = 2CD2E033191D6D38003E46AA /* Notification.cpp */; };
		2CD2E20D191D6D38003E46AA /* Screensaver.cpp in Sources */ = {isa = PBXBuildFile; fileRef = 2CD2E035191D6D38003E46AA /* Screensaver.cpp */; };
		2CD2E20E191D6D38003E46AA /* TextBox.cpp in Sources */ = {isa = PBXBuildFile; fileRef = 2CD2E037191D6D38003E46AA /* TextBox.cpp */; };
		2CD2E20F191D6D38003E46AA /* TextFileViewer.cpp in Sources */ = {isa = PBXBuildFile; fileRef = 2CD2E039191D6D38003E46AA /* TextFileViewer.cpp */; };
		2CD2E210191D6D38003E46AA /* WaitScreen.cpp in Sources */ = {isa = PBXBuildFile; fileRef = 2CD2E03B191D6D38003E46AA /* WaitScreen.cpp */; };
		2CD2E211191D6D38003E46AA /* Window.cpp in Sources */ = {isa = PBXBuildFile; fileRef = 2CD2E03D191D6D38003E46AA /* Window.cpp */; };
		2CD2E213191D6FA5003E46AA /* OpenGL.framework in Frameworks */ = {isa = PBXBuildFile; fileRef = 2CD2E212191D6FA5003E46AA /* OpenGL.framework */; };
		2CD2E215191D6FAF003E46AA /* AudioUnit.framework in Frameworks */ = {isa = PBXBuildFile; fileRef = 2CD2E214191D6FAF003E46AA /* AudioUnit.framework */; };
		2CD2E217191D6FB6003E46AA /* AudioToolbox.framework in Frameworks */ = {isa = PBXBuildFile; fileRef = 2CD2E216191D6FB6003E46AA /* AudioToolbox.framework */; };
		2CD2E219191D6FBE003E46AA /* IOKit.framework in Frameworks */ = {isa = PBXBuildFile; fileRef = 2CD2E218191D6FBE003E46AA /* IOKit.framework */; };
		2CD2E21B191D6FC5003E46AA /* Carbon.framework in Frameworks */ = {isa = PBXBuildFile; fileRef = 2CD2E21A191D6FC5003E46AA /* Carbon.framework */; };
		2CEFC42A1EBBADD90044B237 /* HeadState.cpp in Sources */ = {isa = PBXBuildFile; fileRef = 2CEFC4281EBBADD90044B237 /* HeadState.cpp */; };
		8D11072B0486CEB800E47090 /* InfoPlist.strings in Resources */ = {isa = PBXBuildFile; fileRef = 089C165CFE840E0CC02AAC07 /* InfoPlist.strings */; };
/* End PBXBuildFile section */

/* Begin PBXCopyFilesBuildPhase section */
		002F39FD09D0883400EBEB88 /* Copy Frameworks into .app bundle */ = {
			isa = PBXCopyFilesBuildPhase;
			buildActionMask = 2147483647;
			dstPath = "";
			dstSubfolderSpec = 10;
			files = (
			);
			name = "Copy Frameworks into .app bundle";
			runOnlyForDeploymentPostprocessing = 0;
		};
/* End PBXCopyFilesBuildPhase section */

/* Begin PBXFileReference section */
		089C165DFE840E0CC02AAC07 /* English */ = {isa = PBXFileReference; fileEncoding = 10; lastKnownFileType = text.plist.strings; name = English; path = English.lproj/InfoPlist.strings; sourceTree = "<group>"; };
		2C05598729F3B81F009CF3A4 /* FleetMenu.cpp */ = {isa = PBXFileReference; fileEncoding = 4; lastKnownFileType = sourcecode.cpp.cpp; path = FleetMenu.cpp; sourceTree = "<group>"; };
		2C05598829F3B821009CF3A4 /* FleetMenu.h */ = {isa = PBXFileReference; fileEncoding = 4; lastKnownFileType = sourcecode.c.h; path = FleetMenu.h; sourceTree = "<group>"; };
		2C27177317501FFE005CCFF4 /* xwing128.icns */ = {isa = PBXFileReference; lastKnownFileType = image.icns; path = xwing128.icns; sourceTree = "<group>"; };
		2C814FF929DD27F600AE7B00 /* InputManager.cpp */ = {isa = PBXFileReference; fileEncoding = 4; lastKnownFileType = sourcecode.cpp.cpp; path = InputManager.cpp; sourceTree = "<group>"; };
		2C814FFA29DD27F600AE7B00 /* InputManager.h */ = {isa = PBXFileReference; fileEncoding = 4; lastKnownFileType = sourcecode.c.h; path = InputManager.h; sourceTree = "<group>"; };
		2C814FFC29DD282000AE7B00 /* strtok_r.cpp */ = {isa = PBXFileReference; fileEncoding = 4; lastKnownFileType = sourcecode.cpp.cpp; path = strtok_r.cpp; sourceTree = "<group>"; };
		2C814FFD29DD282000AE7B00 /* strtok_r.h */ = {isa = PBXFileReference; fileEncoding = 4; lastKnownFileType = sourcecode.c.h; path = strtok_r.h; sourceTree = "<group>"; };
		2C814FFF29DD283C00AE7B00 /* Randomizer.cpp */ = {isa = PBXFileReference; fileEncoding = 4; lastKnownFileType = sourcecode.cpp.cpp; path = Randomizer.cpp; sourceTree = "<group>"; };
		2C81500029DD283C00AE7B00 /* Randomizer.h */ = {isa = PBXFileReference; fileEncoding = 4; lastKnownFileType = sourcecode.c.h; path = Randomizer.h; sourceTree = "<group>"; };
		2C81500229DD289100AE7B00 /* ScrollArea.cpp */ = {isa = PBXFileReference; fileEncoding = 4; lastKnownFileType = sourcecode.cpp.cpp; path = ScrollArea.cpp; sourceTree = "<group>"; };
		2C81500329DD289100AE7B00 /* ScrollArea.h */ = {isa = PBXFileReference; fileEncoding = 4; lastKnownFileType = sourcecode.c.h; path = ScrollArea.h; sourceTree = "<group>"; };
		2CAACE952AEA7CEC0049807F /* Checkpoint.cpp */ = {isa = PBXFileReference; fileEncoding = 4; lastKnownFileType = sourcecode.cpp.cpp; path = Checkpoint.cpp; sourceTree = "<group>"; };
		2CAACE962AEA7CEC0049807F /* Checkpoint.h */ = {isa = PBXFileReference; fileEncoding = 4; lastKnownFileType = sourcecode.c.h; path = Checkpoint.h; sourceTree = "<group>"; };
		2CABFEAE240537E5005387AD /* ShipClass.h */ = {isa = PBXFileReference; fileEncoding = 4; lastKnownFileType = sourcecode.c.h; path = ShipClass.h; sourceTree = "<group>"; };
		2CABFEAF240537E9005387AD /* ShipClass.cpp */ = {isa = PBXFileReference; fileEncoding = 4; lastKnownFileType = sourcecode.cpp.cpp; path = ShipClass.cpp; sourceTree = "<group>"; };
		2CBA7239137A7FD2006633A8 /* Cocoa.framework */ = {isa = PBXFileReference; lastKnownFileType = wrapper.framework; name = Cocoa.framework; path = /System/Library/Frameworks/Cocoa.framework; sourceTree = "<absolute>"; };
		2CD2DD15191D6D08003E46AA /* Asteroid.cpp */ = {isa = PBXFileReference; fileEncoding = 4; lastKnownFileType = sourcecode.cpp.cpp; path = Asteroid.cpp; sourceTree = "<group>"; };
		2CD2DD16191D6D08003E46AA /* Asteroid.h */ = {isa = PBXFileReference; fileEncoding = 4; lastKnownFileType = sourcecode.c.h; path = Asteroid.h; sourceTree = "<group>"; };
		2CD2DD17191D6D08003E46AA /* DeathStar.cpp */ = {isa = PBXFileReference; fileEncoding = 4; lastKnownFileType = sourcecode.cpp.cpp; path = DeathStar.cpp; sourceTree = "<group>"; };
		2CD2DD18191D6D08003E46AA /* DeathStar.h */ = {isa = PBXFileReference; fileEncoding = 4; lastKnownFileType = sourcecode.c.h; path = DeathStar.h; sourceTree = "<group>"; };
		2CD2DD19191D6D08003E46AA /* DeathStarBox.cpp */ = {isa = PBXFileReference; fileEncoding = 4; lastKnownFileType = sourcecode.cpp.cpp; path = DeathStarBox.cpp; sourceTree = "<group>"; };
		2CD2DD1A191D6D08003E46AA /* DeathStarBox.h */ = {isa = PBXFileReference; fileEncoding = 4; lastKnownFileType = sourcecode.c.h; path = DeathStarBox.h; sourceTree = "<group>"; };
		2CD2DD1B191D6D08003E46AA /* RenderLayer.cpp */ = {isa = PBXFileReference; fileEncoding = 4; lastKnownFileType = sourcecode.cpp.cpp; path = RenderLayer.cpp; sourceTree = "<group>"; };
		2CD2DD1C191D6D08003E46AA /* RenderLayer.h */ = {isa = PBXFileReference; fileEncoding = 4; lastKnownFileType = sourcecode.c.h; path = RenderLayer.h; sourceTree = "<group>"; };
		2CD2DD1D191D6D08003E46AA /* Ship.cpp */ = {isa = PBXFileReference; fileEncoding = 4; lastKnownFileType = sourcecode.cpp.cpp; path = Ship.cpp; sourceTree = "<group>"; };
		2CD2DD1E191D6D08003E46AA /* Ship.h */ = {isa = PBXFileReference; fileEncoding = 4; lastKnownFileType = sourcecode.c.h; path = Ship.h; sourceTree = "<group>"; };
		2CD2DD1F191D6D08003E46AA /* Shot.cpp */ = {isa = PBXFileReference; fileEncoding = 4; lastKnownFileType = sourcecode.cpp.cpp; path = Shot.cpp; sourceTree = "<group>"; };
		2CD2DD20191D6D08003E46AA /* Shot.h */ = {isa = PBXFileReference; fileEncoding = 4; lastKnownFileType = sourcecode.c.h; path = Shot.h; sourceTree = "<group>"; };
		2CD2DD21191D6D08003E46AA /* Turret.cpp */ = {isa = PBXFileReference; fileEncoding = 4; lastKnownFileType = sourcecode.cpp.cpp; path = Turret.cpp; sourceTree = "<group>"; };
		2CD2DD22191D6D08003E46AA /* Turret.h */ = {isa = PBXFileReference; fileEncoding = 4; lastKnownFileType = sourcecode.c.h; path = Turret.h; sourceTree = "<group>"; };
		2CD2DD23191D6D08003E46AA /* Main.cpp */ = {isa = PBXFileReference; fileEncoding = 4; lastKnownFileType = sourcecode.cpp.cpp; path = Main.cpp; sourceTree = "<group>"; };
		2CD2DD25191D6D08003E46AA /* IngameMenu.cpp */ = {isa = PBXFileReference; fileEncoding = 4; lastKnownFileType = sourcecode.cpp.cpp; path = IngameMenu.cpp; sourceTree = "<group>"; };
		2CD2DD26191D6D08003E46AA /* IngameMenu.h */ = {isa = PBXFileReference; fileEncoding = 4; lastKnownFileType = sourcecode.c.h; path = IngameMenu.h; sourceTree = "<group>"; };
		2CD2DD27191D6D08003E46AA /* JoinMenu.cpp */ = {isa = PBXFileReference; fileEncoding = 4; lastKnownFileType = sourcecode.cpp.cpp; path = JoinMenu.cpp; sourceTree = "<group>"; };
		2CD2DD28191D6D08003E46AA /* JoinMenu.h */ = {isa = PBXFileReference; fileEncoding = 4; lastKnownFileType = sourcecode.c.h; path = JoinMenu.h; sourceTree = "<group>"; };
		2CD2DD29191D6D08003E46AA /* LobbyMenu.cpp */ = {isa = PBXFileReference; fileEncoding = 4; lastKnownFileType = sourcecode.cpp.cpp; path = LobbyMenu.cpp; sourceTree = "<group>"; };
		2CD2DD2A191D6D08003E46AA /* LobbyMenu.h */ = {isa = PBXFileReference; fileEncoding = 4; lastKnownFileType = sourcecode.c.h; path = LobbyMenu.h; sourceTree = "<group>"; };
		2CD2DD2B191D6D08003E46AA /* MainMenu.cpp */ = {isa = PBXFileReference; fileEncoding = 4; lastKnownFileType = sourcecode.cpp.cpp; path = MainMenu.cpp; sourceTree = "<group>"; };
		2CD2DD2C191D6D08003E46AA /* MainMenu.h */ = {isa = PBXFileReference; fileEncoding = 4; lastKnownFileType = sourcecode.c.h; path = MainMenu.h; sourceTree = "<group>"; };
		2CD2DD2D191D6D08003E46AA /* PrefsMenu.cpp */ = {isa = PBXFileReference; fileEncoding = 4; lastKnownFileType = sourcecode.cpp.cpp; path = PrefsMenu.cpp; sourceTree = "<group>"; };
		2CD2DD2E191D6D08003E46AA /* PrefsMenu.h */ = {isa = PBXFileReference; fileEncoding = 4; lastKnownFileType = sourcecode.c.h; path = PrefsMenu.h; sourceTree = "<group>"; };
		2CD2DD2F191D6D08003E46AA /* XWingDefs.h */ = {isa = PBXFileReference; fileEncoding = 4; lastKnownFileType = sourcecode.c.h; path = XWingDefs.h; sourceTree = "<group>"; };
		2CD2DD30191D6D08003E46AA /* XWingGame.cpp */ = {isa = PBXFileReference; fileEncoding = 4; lastKnownFileType = sourcecode.cpp.cpp; path = XWingGame.cpp; sourceTree = "<group>"; };
		2CD2DD31191D6D08003E46AA /* XWingGame.h */ = {isa = PBXFileReference; fileEncoding = 4; lastKnownFileType = sourcecode.c.h; path = XWingGame.h; sourceTree = "<group>"; };
		2CD2DD32191D6D08003E46AA /* XWingServer.cpp */ = {isa = PBXFileReference; fileEncoding = 4; lastKnownFileType = sourcecode.cpp.cpp; path = XWingServer.cpp; sourceTree = "<group>"; };
		2CD2DD33191D6D08003E46AA /* XWingServer.h */ = {isa = PBXFileReference; fileEncoding = 4; lastKnownFileType = sourcecode.c.h; path = XWingServer.h; sourceTree = "<group>"; };
		2CD2DFAD191D6D38003E46AA /* PlatformSpecific.h */ = {isa = PBXFileReference; fileEncoding = 4; lastKnownFileType = sourcecode.c.h; path = PlatformSpecific.h; sourceTree = "<group>"; };
		2CD2DFAE191D6D38003E46AA /* RaptorDefs.h */ = {isa = PBXFileReference; fileEncoding = 4; lastKnownFileType = sourcecode.c.h; path = RaptorDefs.h; sourceTree = "<group>"; };
		2CD2DFAF191D6D38003E46AA /* RaptorGame.cpp */ = {isa = PBXFileReference; fileEncoding = 4; lastKnownFileType = sourcecode.cpp.cpp; path = RaptorGame.cpp; sourceTree = "<group>"; };
		2CD2DFB0191D6D38003E46AA /* RaptorGame.h */ = {isa = PBXFileReference; fileEncoding = 4; lastKnownFileType = sourcecode.c.h; path = RaptorGame.h; sourceTree = "<group>"; };
		2CD2DFB1191D6D38003E46AA /* RaptorServer.cpp */ = {isa = PBXFileReference; fileEncoding = 4; lastKnownFileType = sourcecode.cpp.cpp; path = RaptorServer.cpp; sourceTree = "<group>"; };
		2CD2DFB2191D6D38003E46AA /* RaptorServer.h */ = {isa = PBXFileReference; fileEncoding = 4; lastKnownFileType = sourcecode.c.h; path = RaptorServer.h; sourceTree = "<group>"; };
		2CD2DFB4191D6D38003E46AA /* GameData.cpp */ = {isa = PBXFileReference; fileEncoding = 4; lastKnownFileType = sourcecode.cpp.cpp; path = GameData.cpp; sourceTree = "<group>"; };
		2CD2DFB5191D6D38003E46AA /* GameData.h */ = {isa = PBXFileReference; fileEncoding = 4; lastKnownFileType = sourcecode.c.h; path = GameData.h; sourceTree = "<group>"; };
		2CD2DFB6191D6D38003E46AA /* GameObject.cpp */ = {isa = PBXFileReference; fileEncoding = 4; lastKnownFileType = sourcecode.cpp.cpp; path = GameObject.cpp; sourceTree = "<group>"; };
		2CD2DFB7191D6D38003E46AA /* GameObject.h */ = {isa = PBXFileReference; fileEncoding = 4; lastKnownFileType = sourcecode.c.h; path = GameObject.h; sourceTree = "<group>"; };
		2CD2DFB8191D6D38003E46AA /* Player.cpp */ = {isa = PBXFileReference; fileEncoding = 4; lastKnownFileType = sourcecode.cpp.cpp; path = Player.cpp; sourceTree = "<group>"; };
		2CD2DFB9191D6D38003E46AA /* Player.h */ = {isa = PBXFileReference; fileEncoding = 4; lastKnownFileType = sourcecode.c.h; path = Player.h; sourceTree = "<group>"; };
		2CD2DFBB191D6D38003E46AA /* Animation.cpp */ = {isa = PBXFileReference; fileEncoding = 4; lastKnownFileType = sourcecode.cpp.cpp; path = Animation.cpp; sourceTree = "<group>"; };
		2CD2DFBC191D6D38003E46AA /* Animation.h */ = {isa = PBXFileReference; fileEncoding = 4; lastKnownFileType = sourcecode.c.h; path = Animation.h; sourceTree = "<group>"; };
		2CD2DFBD191D6D38003E46AA /* Camera.cpp */ = {isa = PBXFileReference; fileEncoding = 4; lastKnownFileType = sourcecode.cpp.cpp; path = Camera.cpp; sourceTree = "<group>"; };
		2CD2DFBE191D6D38003E46AA /* Camera.h */ = {isa = PBXFileReference; fileEncoding = 4; lastKnownFileType = sourcecode.c.h; path = Camera.h; sourceTree = "<group>"; };
		2CD2DFBF191D6D38003E46AA /* Color.cpp */ = {isa = PBXFileReference; fileEncoding = 4; lastKnownFileType = sourcecode.cpp.cpp; path = Color.cpp; sourceTree = "<group>"; };
		2CD2DFC0191D6D38003E46AA /* Color.h */ = {isa = PBXFileReference; fileEncoding = 4; lastKnownFileType = sourcecode.c.h; path = Color.h; sourceTree = "<group>"; };
		2CD2DFC1191D6D38003E46AA /* Effect.cpp */ = {isa = PBXFileReference; fileEncoding = 4; lastKnownFileType = sourcecode.cpp.cpp; path = Effect.cpp; sourceTree = "<group>"; };
		2CD2DFC2191D6D38003E46AA /* Effect.h */ = {isa = PBXFileReference; fileEncoding = 4; lastKnownFileType = sourcecode.c.h; path = Effect.h; sourceTree = "<group>"; };
		2CD2DFC3191D6D38003E46AA /* Framebuffer.cpp */ = {isa = PBXFileReference; fileEncoding = 4; lastKnownFileType = sourcecode.cpp.cpp; path = Framebuffer.cpp; sourceTree = "<group>"; };
		2CD2DFC4191D6D38003E46AA /* Framebuffer.h */ = {isa = PBXFileReference; fileEncoding = 4; lastKnownFileType = sourcecode.c.h; path = Framebuffer.h; sourceTree = "<group>"; };
		2CD2DFC5191D6D38003E46AA /* Graphics.cpp */ = {isa = PBXFileReference; fileEncoding = 4; lastKnownFileType = sourcecode.cpp.cpp; path = Graphics.cpp; sourceTree = "<group>"; };
		2CD2DFC6191D6D38003E46AA /* Graphics.h */ = {isa = PBXFileReference; fileEncoding = 4; lastKnownFileType = sourcecode.c.h; path = Graphics.h; sourceTree = "<group>"; };
		2CD2DFC7191D6D38003E46AA /* Model.cpp */ = {isa = PBXFileReference; fileEncoding = 4; lastKnownFileType = sourcecode.cpp.cpp; path = Model.cpp; sourceTree = "<group>"; };
		2CD2DFC8191D6D38003E46AA /* Model.h */ = {isa = PBXFileReference; fileEncoding = 4; lastKnownFileType = sourcecode.c.h; path = Model.h; sourceTree = "<group>"; };
		2CD2DFC9191D6D38003E46AA /* RaptorGL.h */ = {isa = PBXFileReference; fileEncoding = 4; lastKnownFileType = sourcecode.c.h; path = RaptorGL.h; sourceTree = "<group>"; };
		2CD2DFCA191D6D38003E46AA /* Shader.cpp */ = {isa = PBXFileReference; fileEncoding = 4; lastKnownFileType = sourcecode.cpp.cpp; path = Shader.cpp; sourceTree = "<group>"; };
		2CD2DFCB191D6D38003E46AA /* Shader.h */ = {isa = PBXFileReference; fileEncoding = 4; lastKnownFileType = sourcecode.c.h; path = Shader.h; sourceTree = "<group>"; };
		2CD2DFCC191D6D38003E46AA /* ShaderManager.cpp */ = {isa = PBXFileReference; fileEncoding = 4; lastKnownFileType = sourcecode.cpp.cpp; path = ShaderManager.cpp; sourceTree = "<group>"; };
		2CD2DFCD191D6D38003E46AA /* ShaderManager.h */ = {isa = PBXFileReference; fileEncoding = 4; lastKnownFileType = sourcecode.c.h; path = ShaderManager.h; sourceTree = "<group>"; };
		2CD2DFCF191D6D38003E46AA /* JoystickManager.cpp */ = {isa = PBXFileReference; fileEncoding = 4; lastKnownFileType = sourcecode.cpp.cpp; path = JoystickManager.cpp; sourceTree = "<group>"; };
		2CD2DFD0191D6D38003E46AA /* JoystickManager.h */ = {isa = PBXFileReference; fileEncoding = 4; lastKnownFileType = sourcecode.c.h; path = JoystickManager.h; sourceTree = "<group>"; };
		2CD2DFD1191D6D38003E46AA /* JoystickState.cpp */ = {isa = PBXFileReference; fileEncoding = 4; lastKnownFileType = sourcecode.cpp.cpp; path = JoystickState.cpp; sourceTree = "<group>"; };
		2CD2DFD2191D6D38003E46AA /* JoystickState.h */ = {isa = PBXFileReference; fileEncoding = 4; lastKnownFileType = sourcecode.c.h; path = JoystickState.h; sourceTree = "<group>"; };
		2CD2DFD3191D6D38003E46AA /* KeyboardState.cpp */ = {isa = PBXFileReference; fileEncoding = 4; lastKnownFileType = sourcecode.cpp.cpp; path = KeyboardState.cpp; sourceTree = "<group>"; };
		2CD2DFD4191D6D38003E46AA /* KeyboardState.h */ = {isa = PBXFileReference; fileEncoding = 4; lastKnownFileType = sourcecode.c.h; path = KeyboardState.h; sourceTree = "<group>"; };
		2CD2DFD5191D6D38003E46AA /* MouseState.cpp */ = {isa = PBXFileReference; fileEncoding = 4; lastKnownFileType = sourcecode.cpp.cpp; path = MouseState.cpp; sourceTree = "<group>"; };
		2CD2DFD6191D6D38003E46AA /* MouseState.h */ = {isa = PBXFileReference; fileEncoding = 4; lastKnownFileType = sourcecode.c.h; path = MouseState.h; sourceTree = "<group>"; };
		2CD2DFD8191D6D38003E46AA /* ClientConfig.cpp */ = {isa = PBXFileReference; fileEncoding = 4; lastKnownFileType = sourcecode.cpp.cpp; path = ClientConfig.cpp; sourceTree = "<group>"; };
		2CD2DFD9191D6D38003E46AA /* ClientConfig.h */ = {isa = PBXFileReference; fileEncoding = 4; lastKnownFileType = sourcecode.c.h; path = ClientConfig.h; sourceTree = "<group>"; };
		2CD2DFDA191D6D38003E46AA /* Clock.cpp */ = {isa = PBXFileReference; fileEncoding = 4; lastKnownFileType = sourcecode.cpp.cpp; path = Clock.cpp; sourceTree = "<group>"; };
		2CD2DFDB191D6D38003E46AA /* Clock.h */ = {isa = PBXFileReference; fileEncoding = 4; lastKnownFileType = sourcecode.c.h; path = Clock.h; sourceTree = "<group>"; };
		2CD2DFDC191D6D38003E46AA /* Endian.cpp */ = {isa = PBXFileReference; fileEncoding = 4; lastKnownFileType = sourcecode.cpp.cpp; path = Endian.cpp; sourceTree = "<group>"; };
		2CD2DFDD191D6D38003E46AA /* Endian.h */ = {isa = PBXFileReference; fileEncoding = 4; lastKnownFileType = sourcecode.c.h; path = Endian.h; sourceTree = "<group>"; };
		2CD2DFDE191D6D38003E46AA /* File.cpp */ = {isa = PBXFileReference; fileEncoding = 4; lastKnownFileType = sourcecode.cpp.cpp; path = File.cpp; sourceTree = "<group>"; };
		2CD2DFDF191D6D38003E46AA /* File.h */ = {isa = PBXFileReference; fileEncoding = 4; lastKnownFileType = sourcecode.c.h; path = File.h; sourceTree = "<group>"; };
		2CD2DFE0191D6D38003E46AA /* gettimeofday.cpp */ = {isa = PBXFileReference; fileEncoding = 4; lastKnownFileType = sourcecode.cpp.cpp; path = gettimeofday.cpp; sourceTree = "<group>"; };
		2CD2DFE1191D6D38003E46AA /* gettimeofday.h */ = {isa = PBXFileReference; fileEncoding = 4; lastKnownFileType = sourcecode.c.h; path = gettimeofday.h; sourceTree = "<group>"; };
		2CD2DFE2191D6D38003E46AA /* Identifier.cpp */ = {isa = PBXFileReference; fileEncoding = 4; lastKnownFileType = sourcecode.cpp.cpp; path = Identifier.cpp; sourceTree = "<group>"; };
		2CD2DFE3191D6D38003E46AA /* Identifier.h */ = {isa = PBXFileReference; fileEncoding = 4; lastKnownFileType = sourcecode.c.h; path = Identifier.h; sourceTree = "<group>"; };
		2CD2DFE4191D6D38003E46AA /* Math2D.cpp */ = {isa = PBXFileReference; fileEncoding = 4; lastKnownFileType = sourcecode.cpp.cpp; path = Math2D.cpp; sourceTree = "<group>"; };
		2CD2DFE5191D6D38003E46AA /* Math2D.h */ = {isa = PBXFileReference; fileEncoding = 4; lastKnownFileType = sourcecode.c.h; path = Math2D.h; sourceTree = "<group>"; };
		2CD2DFE6191D6D38003E46AA /* Math3D.cpp */ = {isa = PBXFileReference; fileEncoding = 4; lastKnownFileType = sourcecode.cpp.cpp; path = Math3D.cpp; sourceTree = "<group>"; };
		2CD2DFE7191D6D38003E46AA /* Math3D.h */ = {isa = PBXFileReference; fileEncoding = 4; lastKnownFileType = sourcecode.c.h; path = Math3D.h; sourceTree = "<group>"; };
		2CD2DFE8191D6D38003E46AA /* Mutex.cpp */ = {isa = PBXFileReference; fileEncoding = 4; lastKnownFileType = sourcecode.cpp.cpp; path = Mutex.cpp; sourceTree = "<group>"; };
		2CD2DFE9191D6D38003E46AA /* Mutex.h */ = {isa = PBXFileReference; fileEncoding = 4; lastKnownFileType = sourcecode.c.h; path = Mutex.h; sourceTree = "<group>"; };
		2CD2DFEA191D6D38003E46AA /* Num.cpp */ = {isa = PBXFileReference; fileEncoding = 4; lastKnownFileType = sourcecode.cpp.cpp; path = Num.cpp; sourceTree = "<group>"; };
		2CD2DFEB191D6D38003E46AA /* Num.h */ = {isa = PBXFileReference; fileEncoding = 4; lastKnownFileType = sourcecode.c.h; path = Num.h; sourceTree = "<group>"; };
		2CD2DFEC191D6D38003E46AA /* Pos.cpp */ = {isa = PBXFileReference; fileEncoding = 4; lastKnownFileType = sourcecode.cpp.cpp; path = Pos.cpp; sourceTree = "<group>"; };
		2CD2DFED191D6D38003E46AA /* Pos.h */ = {isa = PBXFileReference; fileEncoding = 4; lastKnownFileType = sourcecode.c.h; path = Pos.h; sourceTree = "<group>"; };
		2CD2DFEE191D6D38003E46AA /* Rand.cpp */ = {isa = PBXFileReference; fileEncoding = 4; lastKnownFileType = sourcecode.cpp.cpp; path = Rand.cpp; sourceTree = "<group>"; };
		2CD2DFEF191D6D38003E46AA /* Rand.h */ = {isa = PBXFileReference; fileEncoding = 4; lastKnownFileType = sourcecode.c.h; path = Rand.h; sourceTree = "<group>"; };
		2CD2DFF0191D6D38003E46AA /* ResourceManager.cpp */ = {isa = PBXFileReference; fileEncoding = 4; lastKnownFileType = sourcecode.cpp.cpp; path = ResourceManager.cpp; sourceTree = "<group>"; };
		2CD2DFF1191D6D38003E46AA /* ResourceManager.h */ = {isa = PBXFileReference; fileEncoding = 4; lastKnownFileType = sourcecode.c.h; path = ResourceManager.h; sourceTree = "<group>"; };
		2CD2DFF2191D6D38003E46AA /* ServerConsole.cpp */ = {isa = PBXFileReference; fileEncoding = 4; lastKnownFileType = sourcecode.cpp.cpp; path = ServerConsole.cpp; sourceTree = "<group>"; };
		2CD2DFF3191D6D38003E46AA /* ServerConsole.h */ = {isa = PBXFileReference; fileEncoding = 4; lastKnownFileType = sourcecode.c.h; path = ServerConsole.h; sourceTree = "<group>"; };
		2CD2DFF4191D6D38003E46AA /* Str.cpp */ = {isa = PBXFileReference; fileEncoding = 4; lastKnownFileType = sourcecode.cpp.cpp; path = Str.cpp; sourceTree = "<group>"; };
		2CD2DFF5191D6D38003E46AA /* Str.h */ = {isa = PBXFileReference; fileEncoding = 4; lastKnownFileType = sourcecode.c.h; path = Str.h; sourceTree = "<group>"; };
		2CD2DFF6191D6D38003E46AA /* TextConsole.cpp */ = {isa = PBXFileReference; fileEncoding = 4; lastKnownFileType = sourcecode.cpp.cpp; path = TextConsole.cpp; sourceTree = "<group>"; };
		2CD2DFF7191D6D38003E46AA /* TextConsole.h */ = {isa = PBXFileReference; fileEncoding = 4; lastKnownFileType = sourcecode.c.h; path = TextConsole.h; sourceTree = "<group>"; };
		2CD2DFF8191D6D38003E46AA /* Vec.cpp */ = {isa = PBXFileReference; fileEncoding = 4; lastKnownFileType = sourcecode.cpp.cpp; path = Vec.cpp; sourceTree = "<group>"; };
		2CD2DFF9191D6D38003E46AA /* Vec.h */ = {isa = PBXFileReference; fileEncoding = 4; lastKnownFileType = sourcecode.c.h; path = Vec.h; sourceTree = "<group>"; };
		2CD2DFFB191D6D38003E46AA /* ConnectedClient.cpp */ = {isa = PBXFileReference; fileEncoding = 4; lastKnownFileType = sourcecode.cpp.cpp; path = ConnectedClient.cpp; sourceTree = "<group>"; };
		2CD2DFFC191D6D38003E46AA /* ConnectedClient.h */ = {isa = PBXFileReference; fileEncoding = 4; lastKnownFileType = sourcecode.c.h; path = ConnectedClient.h; sourceTree = "<group>"; };
		2CD2DFFD191D6D38003E46AA /* NetClient.cpp */ = {isa = PBXFileReference; fileEncoding = 4; lastKnownFileType = sourcecode.cpp.cpp; path = NetClient.cpp; sourceTree = "<group>"; };
		2CD2DFFE191D6D38003E46AA /* NetClient.h */ = {isa = PBXFileReference; fileEncoding = 4; lastKnownFileType = sourcecode.c.h; path = NetClient.h; sourceTree = "<group>"; };
		2CD2DFFF191D6D38003E46AA /* NetServer.cpp */ = {isa = PBXFileReference; fileEncoding = 4; lastKnownFileType = sourcecode.cpp.cpp; path = NetServer.cpp; sourceTree = "<group>"; };
		2CD2E000191D6D38003E46AA /* NetServer.h */ = {isa = PBXFileReference; fileEncoding = 4; lastKnownFileType = sourcecode.c.h; path = NetServer.h; sourceTree = "<group>"; };
		2CD2E001191D6D38003E46AA /* NetUDP.cpp */ = {isa = PBXFileReference; fileEncoding = 4; lastKnownFileType = sourcecode.cpp.cpp; path = NetUDP.cpp; sourceTree = "<group>"; };
		2CD2E002191D6D38003E46AA /* NetUDP.h */ = {isa = PBXFileReference; fileEncoding = 4; lastKnownFileType = sourcecode.c.h; path = NetUDP.h; sourceTree = "<group>"; };
		2CD2E003191D6D38003E46AA /* Packet.cpp */ = {isa = PBXFileReference; fileEncoding = 4; lastKnownFileType = sourcecode.cpp.cpp; path = Packet.cpp; sourceTree = "<group>"; };
		2CD2E004191D6D38003E46AA /* Packet.h */ = {isa = PBXFileReference; fileEncoding = 4; lastKnownFileType = sourcecode.c.h; path = Packet.h; sourceTree = "<group>"; };
		2CD2E005191D6D38003E46AA /* PacketBuffer.cpp */ = {isa = PBXFileReference; fileEncoding = 4; lastKnownFileType = sourcecode.cpp.cpp; path = PacketBuffer.cpp; sourceTree = "<group>"; };
		2CD2E006191D6D38003E46AA /* PacketBuffer.h */ = {isa = PBXFileReference; fileEncoding = 4; lastKnownFileType = sourcecode.c.h; path = PacketBuffer.h; sourceTree = "<group>"; };
		2CD2E008191D6D38003E46AA /* DirectOutput.h */ = {isa = PBXFileReference; fileEncoding = 4; lastKnownFileType = sourcecode.c.h; path = DirectOutput.h; sourceTree = "<group>"; };
		2CD2E009191D6D38003E46AA /* DirectOutputImpl.cpp */ = {isa = PBXFileReference; fileEncoding = 4; lastKnownFileType = sourcecode.cpp.cpp; path = DirectOutputImpl.cpp; sourceTree = "<group>"; };
		2CD2E00A191D6D38003E46AA /* DirectOutputImpl.h */ = {isa = PBXFileReference; fileEncoding = 4; lastKnownFileType = sourcecode.c.h; path = DirectOutputImpl.h; sourceTree = "<group>"; };
		2CD2E00B191D6D38003E46AA /* SaitekDevice.cpp */ = {isa = PBXFileReference; fileEncoding = 4; lastKnownFileType = sourcecode.cpp.cpp; path = SaitekDevice.cpp; sourceTree = "<group>"; };
		2CD2E00C191D6D38003E46AA /* SaitekDevice.h */ = {isa = PBXFileReference; fileEncoding = 4; lastKnownFileType = sourcecode.c.h; path = SaitekDevice.h; sourceTree = "<group>"; };
		2CD2E00D191D6D38003E46AA /* SaitekFIP.cpp */ = {isa = PBXFileReference; fileEncoding = 4; lastKnownFileType = sourcecode.cpp.cpp; path = SaitekFIP.cpp; sourceTree = "<group>"; };
		2CD2E00E191D6D38003E46AA /* SaitekFIP.h */ = {isa = PBXFileReference; fileEncoding = 4; lastKnownFileType = sourcecode.c.h; path = SaitekFIP.h; sourceTree = "<group>"; };
		2CD2E00F191D6D38003E46AA /* SaitekManager.cpp */ = {isa = PBXFileReference; fileEncoding = 4; lastKnownFileType = sourcecode.cpp.cpp; path = SaitekManager.cpp; sourceTree = "<group>"; };
		2CD2E010191D6D38003E46AA /* SaitekManager.h */ = {isa = PBXFileReference; fileEncoding = 4; lastKnownFileType = sourcecode.c.h; path = SaitekManager.h; sourceTree = "<group>"; };
		2CD2E011191D6D38003E46AA /* SaitekX52Pro.cpp */ = {isa = PBXFileReference; fileEncoding = 4; lastKnownFileType = sourcecode.cpp.cpp; path = SaitekX52Pro.cpp; sourceTree = "<group>"; };
		2CD2E012191D6D38003E46AA /* SaitekX52Pro.h */ = {isa = PBXFileReference; fileEncoding = 4; lastKnownFileType = sourcecode.c.h; path = SaitekX52Pro.h; sourceTree = "<group>"; };
		2CD2E014191D6D38003E46AA /* PanningSound.cpp */ = {isa = PBXFileReference; fileEncoding = 4; lastKnownFileType = sourcecode.cpp.cpp; path = PanningSound.cpp; sourceTree = "<group>"; };
		2CD2E015191D6D38003E46AA /* PanningSound.h */ = {isa = PBXFileReference; fileEncoding = 4; lastKnownFileType = sourcecode.c.h; path = PanningSound.h; sourceTree = "<group>"; };
		2CD2E016191D6D38003E46AA /* SoundOut.cpp */ = {isa = PBXFileReference; fileEncoding = 4; lastKnownFileType = sourcecode.cpp.cpp; path = SoundOut.cpp; sourceTree = "<group>"; };
		2CD2E017191D6D38003E46AA /* SoundOut.h */ = {isa = PBXFileReference; fileEncoding = 4; lastKnownFileType = sourcecode.c.h; path = SoundOut.h; sourceTree = "<group>"; };
		2CD2E019191D6D38003E46AA /* Button.cpp */ = {isa = PBXFileReference; fileEncoding = 4; lastKnownFileType = sourcecode.cpp.cpp; path = Button.cpp; sourceTree = "<group>"; };
		2CD2E01A191D6D38003E46AA /* Button.h */ = {isa = PBXFileReference; fileEncoding = 4; lastKnownFileType = sourcecode.c.h; path = Button.h; sourceTree = "<group>"; };
		2CD2E01B191D6D38003E46AA /* CheckBox.cpp */ = {isa = PBXFileReference; fileEncoding = 4; lastKnownFileType = sourcecode.cpp.cpp; path = CheckBox.cpp; sourceTree = "<group>"; };
		2CD2E01C191D6D38003E46AA /* CheckBox.h */ = {isa = PBXFileReference; fileEncoding = 4; lastKnownFileType = sourcecode.c.h; path = CheckBox.h; sourceTree = "<group>"; };
		2CD2E01D191D6D38003E46AA /* ClientConsole.cpp */ = {isa = PBXFileReference; fileEncoding = 4; lastKnownFileType = sourcecode.cpp.cpp; path = ClientConsole.cpp; sourceTree = "<group>"; };
		2CD2E01E191D6D38003E46AA /* ClientConsole.h */ = {isa = PBXFileReference; fileEncoding = 4; lastKnownFileType = sourcecode.c.h; path = ClientConsole.h; sourceTree = "<group>"; };
		2CD2E01F191D6D38003E46AA /* DropDown.cpp */ = {isa = PBXFileReference; fileEncoding = 4; lastKnownFileType = sourcecode.cpp.cpp; path = DropDown.cpp; sourceTree = "<group>"; };
		2CD2E020191D6D38003E46AA /* DropDown.h */ = {isa = PBXFileReference; fileEncoding = 4; lastKnownFileType = sourcecode.c.h; path = DropDown.h; sourceTree = "<group>"; };
		2CD2E021191D6D38003E46AA /* FirstLoadScreen.cpp */ = {isa = PBXFileReference; fileEncoding = 4; lastKnownFileType = sourcecode.cpp.cpp; path = FirstLoadScreen.cpp; sourceTree = "<group>"; };
		2CD2E022191D6D38003E46AA /* FirstLoadScreen.h */ = {isa = PBXFileReference; fileEncoding = 4; lastKnownFileType = sourcecode.c.h; path = FirstLoadScreen.h; sourceTree = "<group>"; };
		2CD2E023191D6D38003E46AA /* Font.cpp */ = {isa = PBXFileReference; fileEncoding = 4; lastKnownFileType = sourcecode.cpp.cpp; path = Font.cpp; sourceTree = "<group>"; };
		2CD2E024191D6D38003E46AA /* Font.h */ = {isa = PBXFileReference; fileEncoding = 4; lastKnownFileType = sourcecode.c.h; path = Font.h; sourceTree = "<group>"; };
		2CD2E025191D6D38003E46AA /* GroupBox.cpp */ = {isa = PBXFileReference; fileEncoding = 4; lastKnownFileType = sourcecode.cpp.cpp; path = GroupBox.cpp; sourceTree = "<group>"; };
		2CD2E026191D6D38003E46AA /* GroupBox.h */ = {isa = PBXFileReference; fileEncoding = 4; lastKnownFileType = sourcecode.c.h; path = GroupBox.h; sourceTree = "<group>"; };
		2CD2E027191D6D38003E46AA /* Label.cpp */ = {isa = PBXFileReference; fileEncoding = 4; lastKnownFileType = sourcecode.cpp.cpp; path = Label.cpp; sourceTree = "<group>"; };
		2CD2E028191D6D38003E46AA /* Label.h */ = {isa = PBXFileReference; fileEncoding = 4; lastKnownFileType = sourcecode.c.h; path = Label.h; sourceTree = "<group>"; };
		2CD2E029191D6D38003E46AA /* LabelledButton.cpp */ = {isa = PBXFileReference; fileEncoding = 4; lastKnownFileType = sourcecode.cpp.cpp; path = LabelledButton.cpp; sourceTree = "<group>"; };
		2CD2E02A191D6D38003E46AA /* LabelledButton.h */ = {isa = PBXFileReference; fileEncoding = 4; lastKnownFileType = sourcecode.c.h; path = LabelledButton.h; sourceTree = "<group>"; };
		2CD2E02B191D6D38003E46AA /* Layer.cpp */ = {isa = PBXFileReference; fileEncoding = 4; lastKnownFileType = sourcecode.cpp.cpp; path = Layer.cpp; sourceTree = "<group>"; };
		2CD2E02C191D6D38003E46AA /* Layer.h */ = {isa = PBXFileReference; fileEncoding = 4; lastKnownFileType = sourcecode.c.h; path = Layer.h; sourceTree = "<group>"; };
		2CD2E02D191D6D38003E46AA /* LayerManager.cpp */ = {isa = PBXFileReference; fileEncoding = 4; lastKnownFileType = sourcecode.cpp.cpp; path = LayerManager.cpp; sourceTree = "<group>"; };
		2CD2E02E191D6D38003E46AA /* LayerManager.h */ = {isa = PBXFileReference; fileEncoding = 4; lastKnownFileType = sourcecode.c.h; path = LayerManager.h; sourceTree = "<group>"; };
		2CD2E02F191D6D38003E46AA /* ListBox.cpp */ = {isa = PBXFileReference; fileEncoding = 4; lastKnownFileType = sourcecode.cpp.cpp; path = ListBox.cpp; sourceTree = "<group>"; };
		2CD2E030191D6D38003E46AA /* ListBox.h */ = {isa = PBXFileReference; fileEncoding = 4; lastKnownFileType = sourcecode.c.h; path = ListBox.h; sourceTree = "<group>"; };
		2CD2E031191D6D38003E46AA /* MessageOverlay.cpp */ = {isa = PBXFileReference; fileEncoding = 4; lastKnownFileType = sourcecode.cpp.cpp; path = MessageOverlay.cpp; sourceTree = "<group>"; };
		2CD2E032191D6D38003E46AA /* MessageOverlay.h */ = {isa = PBXFileReference; fileEncoding = 4; lastKnownFileType = sourcecode.c.h; path = MessageOverlay.h; sourceTree = "<group>"; };
		2CD2E033191D6D38003E46AA /* Notification.cpp */ = {isa = PBXFileReference; fileEncoding = 4; lastKnownFileType = sourcecode.cpp.cpp; path = Notification.cpp; sourceTree = "<group>"; };
		2CD2E034191D6D38003E46AA /* Notification.h */ = {isa = PBXFileReference; fileEncoding = 4; lastKnownFileType = sourcecode.c.h; path = Notification.h; sourceTree = "<group>"; };
		2CD2E035191D6D38003E46AA /* Screensaver.cpp */ = {isa = PBXFileReference; fileEncoding = 4; lastKnownFileType = sourcecode.cpp.cpp; path = Screensaver.cpp; sourceTree = "<group>"; };
		2CD2E036191D6D38003E46AA /* Screensaver.h */ = {isa = PBXFileReference; fileEncoding = 4; lastKnownFileType = sourcecode.c.h; path = Screensaver.h; sourceTree = "<group>"; };
		2CD2E037191D6D38003E46AA /* TextBox.cpp */ = {isa = PBXFileReference; fileEncoding = 4; lastKnownFileType = sourcecode.cpp.cpp; path = TextBox.cpp; sourceTree = "<group>"; };
		2CD2E038191D6D38003E46AA /* TextBox.h */ = {isa = PBXFileReference; fileEncoding = 4; lastKnownFileType = sourcecode.c.h; path = TextBox.h; sourceTree = "<group>"; };
		2CD2E039191D6D38003E46AA /* TextFileViewer.cpp */ = {isa = PBXFileReference; fileEncoding = 4; lastKnownFileType = sourcecode.cpp.cpp; path = TextFileViewer.cpp; sourceTree = "<group>"; };
		2CD2E03A191D6D38003E46AA /* TextFileViewer.h */ = {isa = PBXFileReference; fileEncoding = 4; lastKnownFileType = sourcecode.c.h; path = TextFileViewer.h; sourceTree = "<group>"; };
		2CD2E03B191D6D38003E46AA /* WaitScreen.cpp */ = {isa = PBXFileReference; fileEncoding = 4; lastKnownFileType = sourcecode.cpp.cpp; path = WaitScreen.cpp; sourceTree = "<group>"; };
		2CD2E03C191D6D38003E46AA /* WaitScreen.h */ = {isa = PBXFileReference; fileEncoding = 4; lastKnownFileType = sourcecode.c.h; path = WaitScreen.h; sourceTree = "<group>"; };
		2CD2E03D191D6D38003E46AA /* Window.cpp */ = {isa = PBXFileReference; fileEncoding = 4; lastKnownFileType = sourcecode.cpp.cpp; path = Window.cpp; sourceTree = "<group>"; };
		2CD2E03E191D6D38003E46AA /* Window.h */ = {isa = PBXFileReference; fileEncoding = 4; lastKnownFileType = sourcecode.c.h; path = Window.h; sourceTree = "<group>"; };
		2CD2E212191D6FA5003E46AA /* OpenGL.framework */ = {isa = PBXFileReference; lastKnownFileType = wrapper.framework; name = OpenGL.framework; path = ../../../../../System/Library/Frameworks/OpenGL.framework; sourceTree = "<group>"; };
		2CD2E214191D6FAF003E46AA /* AudioUnit.framework */ = {isa = PBXFileReference; lastKnownFileType = wrapper.framework; name = AudioUnit.framework; path = ../../../../../System/Library/Frameworks/AudioUnit.framework; sourceTree = "<group>"; };
		2CD2E216191D6FB6003E46AA /* AudioToolbox.framework */ = {isa = PBXFileReference; lastKnownFileType = wrapper.framework; name = AudioToolbox.framework; path = ../../../../../System/Library/Frameworks/AudioToolbox.framework; sourceTree = "<group>"; };
		2CD2E218191D6FBE003E46AA /* IOKit.framework */ = {isa = PBXFileReference; lastKnownFileType = wrapper.framework; name = IOKit.framework; path = ../../../../../System/Library/Frameworks/IOKit.framework; sourceTree = "<group>"; };
		2CD2E21A191D6FC5003E46AA /* Carbon.framework */ = {isa = PBXFileReference; lastKnownFileType = wrapper.framework; name = Carbon.framework; path = ../../../../../System/Library/Frameworks/Carbon.framework; sourceTree = "<group>"; };
		2CEFC4281EBBADD90044B237 /* HeadState.cpp */ = {isa = PBXFileReference; fileEncoding = 4; lastKnownFileType = sourcecode.cpp.cpp; path = HeadState.cpp; sourceTree = "<group>"; };
		2CEFC4291EBBADD90044B237 /* HeadState.h */ = {isa = PBXFileReference; fileEncoding = 4; lastKnownFileType = sourcecode.c.h; path = HeadState.h; sourceTree = "<group>"; };
		8D1107310486CEB800E47090 /* Info.plist */ = {isa = PBXFileReference; fileEncoding = 4; lastKnownFileType = text.plist; path = Info.plist; sourceTree = "<group>"; };
		8D1107320486CEB800E47090 /* X-Wing Revival.app */ = {isa = PBXFileReference; explicitFileType = wrapper.application; includeInIndex = 0; path = "X-Wing Revival.app"; sourceTree = BUILT_PRODUCTS_DIR; };
/* End PBXFileReference section */

/* Begin PBXFrameworksBuildPhase section */
		8D11072E0486CEB800E47090 /* Frameworks */ = {
			isa = PBXFrameworksBuildPhase;
			buildActionMask = 2147483647;
			files = (
				2CBA723A137A7FD2006633A8 /* Cocoa.framework in Frameworks */,
				2CD2E213191D6FA5003E46AA /* OpenGL.framework in Frameworks */,
				2CD2E215191D6FAF003E46AA /* AudioUnit.framework in Frameworks */,
				2CD2E217191D6FB6003E46AA /* AudioToolbox.framework in Frameworks */,
				2CD2E219191D6FBE003E46AA /* IOKit.framework in Frameworks */,
				2CD2E21B191D6FC5003E46AA /* Carbon.framework in Frameworks */,
			);
			runOnlyForDeploymentPostprocessing = 0;
		};
/* End PBXFrameworksBuildPhase section */

/* Begin PBXGroup section */
		1058C7A0FEA54F0111CA2CBB /* Linked Frameworks */ = {
			isa = PBXGroup;
			children = (
				2CD2E212191D6FA5003E46AA /* OpenGL.framework */,
				2CBA7239137A7FD2006633A8 /* Cocoa.framework */,
				2CD2E214191D6FAF003E46AA /* AudioUnit.framework */,
				2CD2E216191D6FB6003E46AA /* AudioToolbox.framework */,
				2CD2E218191D6FBE003E46AA /* IOKit.framework */,
				2CD2E21A191D6FC5003E46AA /* Carbon.framework */,
			);
			name = "Linked Frameworks";
			sourceTree = "<group>";
		};
		1058C7A2FEA54F0111CA2CBB /* Other Frameworks */ = {
			isa = PBXGroup;
			children = (
			);
			name = "Other Frameworks";
			sourceTree = "<group>";
		};
		19C28FACFE9D520D11CA2CBB /* Products */ = {
			isa = PBXGroup;
			children = (
				8D1107320486CEB800E47090 /* X-Wing Revival.app */,
			);
			name = Products;
			sourceTree = "<group>";
		};
		29B97314FDCFA39411CA2CEA /* XWing */ = {
			isa = PBXGroup;
			children = (
				2CD2DD13191D6D08003E46AA /* Sources */,
				2CD2DD43191D6D34003E46AA /* RaptorEngine */,
				29B97317FDCFA39411CA2CEA /* Resources */,
				29B97323FDCFA39411CA2CEA /* Frameworks */,
				19C28FACFE9D520D11CA2CBB /* Products */,
			);
			name = XWing;
			sourceTree = "<group>";
		};
		29B97317FDCFA39411CA2CEA /* Resources */ = {
			isa = PBXGroup;
			children = (
				8D1107310486CEB800E47090 /* Info.plist */,
				089C165CFE840E0CC02AAC07 /* InfoPlist.strings */,
				2C27177317501FFE005CCFF4 /* xwing128.icns */,
			);
			name = Resources;
			sourceTree = "<group>";
		};
		29B97323FDCFA39411CA2CEA /* Frameworks */ = {
			isa = PBXGroup;
			children = (
				1058C7A0FEA54F0111CA2CBB /* Linked Frameworks */,
				1058C7A2FEA54F0111CA2CBB /* Other Frameworks */,
			);
			name = Frameworks;
			sourceTree = "<group>";
		};
		2CD2DD13191D6D08003E46AA /* Sources */ = {
			isa = PBXGroup;
			children = (
				2CD2DD14191D6D08003E46AA /* Game */,
				2CD2DD23191D6D08003E46AA /* Main.cpp */,
				2CD2DD24191D6D08003E46AA /* UI */,
				2CD2DD2F191D6D08003E46AA /* XWingDefs.h */,
				2CD2DD30191D6D08003E46AA /* XWingGame.cpp */,
				2CD2DD31191D6D08003E46AA /* XWingGame.h */,
				2CD2DD32191D6D08003E46AA /* XWingServer.cpp */,
				2CD2DD33191D6D08003E46AA /* XWingServer.h */,
			);
			path = Sources;
			sourceTree = "<group>";
		};
		2CD2DD14191D6D08003E46AA /* Game */ = {
			isa = PBXGroup;
			children = (
				2CD2DD15191D6D08003E46AA /* Asteroid.cpp */,
				2CD2DD16191D6D08003E46AA /* Asteroid.h */,
				2CAACE952AEA7CEC0049807F /* Checkpoint.cpp */,
				2CAACE962AEA7CEC0049807F /* Checkpoint.h */,
				2CD2DD17191D6D08003E46AA /* DeathStar.cpp */,
				2CD2DD18191D6D08003E46AA /* DeathStar.h */,
				2CD2DD19191D6D08003E46AA /* DeathStarBox.cpp */,
				2CD2DD1A191D6D08003E46AA /* DeathStarBox.h */,
				2CD2DD1B191D6D08003E46AA /* RenderLayer.cpp */,
				2CD2DD1C191D6D08003E46AA /* RenderLayer.h */,
				2CD2DD1D191D6D08003E46AA /* Ship.cpp */,
				2CD2DD1E191D6D08003E46AA /* Ship.h */,
				2CABFEAF240537E9005387AD /* ShipClass.cpp */,
				2CABFEAE240537E5005387AD /* ShipClass.h */,
				2CD2DD1F191D6D08003E46AA /* Shot.cpp */,
				2CD2DD20191D6D08003E46AA /* Shot.h */,
				2CD2DD21191D6D08003E46AA /* Turret.cpp */,
				2CD2DD22191D6D08003E46AA /* Turret.h */,
			);
			path = Game;
			sourceTree = "<group>";
		};
		2CD2DD24191D6D08003E46AA /* UI */ = {
			isa = PBXGroup;
			children = (
				2C05598729F3B81F009CF3A4 /* FleetMenu.cpp */,
				2C05598829F3B821009CF3A4 /* FleetMenu.h */,
				2CD2DD25191D6D08003E46AA /* IngameMenu.cpp */,
				2CD2DD26191D6D08003E46AA /* IngameMenu.h */,
				2CD2DD27191D6D08003E46AA /* JoinMenu.cpp */,
				2CD2DD28191D6D08003E46AA /* JoinMenu.h */,
				2CD2DD29191D6D08003E46AA /* LobbyMenu.cpp */,
				2CD2DD2A191D6D08003E46AA /* LobbyMenu.h */,
				2CD2DD2B191D6D08003E46AA /* MainMenu.cpp */,
				2CD2DD2C191D6D08003E46AA /* MainMenu.h */,
				2CD2DD2D191D6D08003E46AA /* PrefsMenu.cpp */,
				2CD2DD2E191D6D08003E46AA /* PrefsMenu.h */,
			);
			path = UI;
			sourceTree = "<group>";
		};
		2CD2DD43191D6D34003E46AA /* RaptorEngine */ = {
			isa = PBXGroup;
			children = (
				2CD2DFAC191D6D38003E46AA /* Core */,
				2CD2DFB3191D6D38003E46AA /* Game */,
				2CD2DFBA191D6D38003E46AA /* Graphics */,
				2CD2DFCE191D6D38003E46AA /* Input */,
				2CD2DFD7191D6D38003E46AA /* Libs */,
				2CD2DFFA191D6D38003E46AA /* Net */,
				2CD2E007191D6D38003E46AA /* Saitek */,
				2CD2E013191D6D38003E46AA /* Sound */,
				2CD2E018191D6D38003E46AA /* UI */,
				2CEFC4271EBBADD90044B237 /* VR */,
			);
			name = RaptorEngine;
			path = ../RaptorEngine;
			sourceTree = "<group>";
		};
		2CD2DFAC191D6D38003E46AA /* Core */ = {
			isa = PBXGroup;
			children = (
				2CD2DFAD191D6D38003E46AA /* PlatformSpecific.h */,
				2CD2DFAE191D6D38003E46AA /* RaptorDefs.h */,
				2CD2DFAF191D6D38003E46AA /* RaptorGame.cpp */,
				2CD2DFB0191D6D38003E46AA /* RaptorGame.h */,
				2CD2DFB1191D6D38003E46AA /* RaptorServer.cpp */,
				2CD2DFB2191D6D38003E46AA /* RaptorServer.h */,
			);
			path = Core;
			sourceTree = "<group>";
		};
		2CD2DFB3191D6D38003E46AA /* Game */ = {
			isa = PBXGroup;
			children = (
				2CD2DFB4191D6D38003E46AA /* GameData.cpp */,
				2CD2DFB5191D6D38003E46AA /* GameData.h */,
				2CD2DFB6191D6D38003E46AA /* GameObject.cpp */,
				2CD2DFB7191D6D38003E46AA /* GameObject.h */,
				2CD2DFB8191D6D38003E46AA /* Player.cpp */,
				2CD2DFB9191D6D38003E46AA /* Player.h */,
			);
			path = Game;
			sourceTree = "<group>";
		};
		2CD2DFBA191D6D38003E46AA /* Graphics */ = {
			isa = PBXGroup;
			children = (
				2CD2DFBB191D6D38003E46AA /* Animation.cpp */,
				2CD2DFBC191D6D38003E46AA /* Animation.h */,
				2CD2DFBD191D6D38003E46AA /* Camera.cpp */,
				2CD2DFBE191D6D38003E46AA /* Camera.h */,
				2CD2DFBF191D6D38003E46AA /* Color.cpp */,
				2CD2DFC0191D6D38003E46AA /* Color.h */,
				2CD2DFC1191D6D38003E46AA /* Effect.cpp */,
				2CD2DFC2191D6D38003E46AA /* Effect.h */,
				2CD2DFC3191D6D38003E46AA /* Framebuffer.cpp */,
				2CD2DFC4191D6D38003E46AA /* Framebuffer.h */,
				2CD2DFC5191D6D38003E46AA /* Graphics.cpp */,
				2CD2DFC6191D6D38003E46AA /* Graphics.h */,
				2CD2DFC7191D6D38003E46AA /* Model.cpp */,
				2CD2DFC8191D6D38003E46AA /* Model.h */,
				2CD2DFC9191D6D38003E46AA /* RaptorGL.h */,
				2CD2DFCA191D6D38003E46AA /* Shader.cpp */,
				2CD2DFCB191D6D38003E46AA /* Shader.h */,
				2CD2DFCC191D6D38003E46AA /* ShaderManager.cpp */,
				2CD2DFCD191D6D38003E46AA /* ShaderManager.h */,
			);
			path = Graphics;
			sourceTree = "<group>";
		};
		2CD2DFCE191D6D38003E46AA /* Input */ = {
			isa = PBXGroup;
			children = (
				2C814FF929DD27F600AE7B00 /* InputManager.cpp */,
				2C814FFA29DD27F600AE7B00 /* InputManager.h */,
				2CD2DFCF191D6D38003E46AA /* JoystickManager.cpp */,
				2CD2DFD0191D6D38003E46AA /* JoystickManager.h */,
				2CD2DFD1191D6D38003E46AA /* JoystickState.cpp */,
				2CD2DFD2191D6D38003E46AA /* JoystickState.h */,
				2CD2DFD3191D6D38003E46AA /* KeyboardState.cpp */,
				2CD2DFD4191D6D38003E46AA /* KeyboardState.h */,
				2CD2DFD5191D6D38003E46AA /* MouseState.cpp */,
				2CD2DFD6191D6D38003E46AA /* MouseState.h */,
			);
			path = Input;
			sourceTree = "<group>";
		};
		2CD2DFD7191D6D38003E46AA /* Libs */ = {
			isa = PBXGroup;
			children = (
				2CD2DFD8191D6D38003E46AA /* ClientConfig.cpp */,
				2CD2DFD9191D6D38003E46AA /* ClientConfig.h */,
				2CD2DFDA191D6D38003E46AA /* Clock.cpp */,
				2CD2DFDB191D6D38003E46AA /* Clock.h */,
				2CD2DFDC191D6D38003E46AA /* Endian.cpp */,
				2CD2DFDD191D6D38003E46AA /* Endian.h */,
				2CD2DFDE191D6D38003E46AA /* File.cpp */,
				2CD2DFDF191D6D38003E46AA /* File.h */,
				2CD2DFE0191D6D38003E46AA /* gettimeofday.cpp */,
				2CD2DFE1191D6D38003E46AA /* gettimeofday.h */,
				2CD2DFE2191D6D38003E46AA /* Identifier.cpp */,
				2CD2DFE3191D6D38003E46AA /* Identifier.h */,
				2CD2DFE4191D6D38003E46AA /* Math2D.cpp */,
				2CD2DFE5191D6D38003E46AA /* Math2D.h */,
				2CD2DFE6191D6D38003E46AA /* Math3D.cpp */,
				2CD2DFE7191D6D38003E46AA /* Math3D.h */,
				2CD2DFE8191D6D38003E46AA /* Mutex.cpp */,
				2CD2DFE9191D6D38003E46AA /* Mutex.h */,
				2CD2DFEA191D6D38003E46AA /* Num.cpp */,
				2CD2DFEB191D6D38003E46AA /* Num.h */,
				2CD2DFEC191D6D38003E46AA /* Pos.cpp */,
				2CD2DFED191D6D38003E46AA /* Pos.h */,
				2CD2DFEE191D6D38003E46AA /* Rand.cpp */,
				2CD2DFEF191D6D38003E46AA /* Rand.h */,
				2C814FFF29DD283C00AE7B00 /* Randomizer.cpp */,
				2C81500029DD283C00AE7B00 /* Randomizer.h */,
				2CD2DFF0191D6D38003E46AA /* ResourceManager.cpp */,
				2CD2DFF1191D6D38003E46AA /* ResourceManager.h */,
				2CD2DFF2191D6D38003E46AA /* ServerConsole.cpp */,
				2CD2DFF3191D6D38003E46AA /* ServerConsole.h */,
				2CD2DFF4191D6D38003E46AA /* Str.cpp */,
				2CD2DFF5191D6D38003E46AA /* Str.h */,
				2C814FFC29DD282000AE7B00 /* strtok_r.cpp */,
				2C814FFD29DD282000AE7B00 /* strtok_r.h */,
				2CD2DFF6191D6D38003E46AA /* TextConsole.cpp */,
				2CD2DFF7191D6D38003E46AA /* TextConsole.h */,
				2CD2DFF8191D6D38003E46AA /* Vec.cpp */,
				2CD2DFF9191D6D38003E46AA /* Vec.h */,
			);
			path = Libs;
			sourceTree = "<group>";
		};
		2CD2DFFA191D6D38003E46AA /* Net */ = {
			isa = PBXGroup;
			children = (
				2CD2DFFB191D6D38003E46AA /* ConnectedClient.cpp */,
				2CD2DFFC191D6D38003E46AA /* ConnectedClient.h */,
				2CD2DFFD191D6D38003E46AA /* NetClient.cpp */,
				2CD2DFFE191D6D38003E46AA /* NetClient.h */,
				2CD2DFFF191D6D38003E46AA /* NetServer.cpp */,
				2CD2E000191D6D38003E46AA /* NetServer.h */,
				2CD2E001191D6D38003E46AA /* NetUDP.cpp */,
				2CD2E002191D6D38003E46AA /* NetUDP.h */,
				2CD2E003191D6D38003E46AA /* Packet.cpp */,
				2CD2E004191D6D38003E46AA /* Packet.h */,
				2CD2E005191D6D38003E46AA /* PacketBuffer.cpp */,
				2CD2E006191D6D38003E46AA /* PacketBuffer.h */,
			);
			path = Net;
			sourceTree = "<group>";
		};
		2CD2E007191D6D38003E46AA /* Saitek */ = {
			isa = PBXGroup;
			children = (
				2CD2E008191D6D38003E46AA /* DirectOutput.h */,
				2CD2E009191D6D38003E46AA /* DirectOutputImpl.cpp */,
				2CD2E00A191D6D38003E46AA /* DirectOutputImpl.h */,
				2CD2E00B191D6D38003E46AA /* SaitekDevice.cpp */,
				2CD2E00C191D6D38003E46AA /* SaitekDevice.h */,
				2CD2E00D191D6D38003E46AA /* SaitekFIP.cpp */,
				2CD2E00E191D6D38003E46AA /* SaitekFIP.h */,
				2CD2E00F191D6D38003E46AA /* SaitekManager.cpp */,
				2CD2E010191D6D38003E46AA /* SaitekManager.h */,
				2CD2E011191D6D38003E46AA /* SaitekX52Pro.cpp */,
				2CD2E012191D6D38003E46AA /* SaitekX52Pro.h */,
			);
			path = Saitek;
			sourceTree = "<group>";
		};
		2CD2E013191D6D38003E46AA /* Sound */ = {
			isa = PBXGroup;
			children = (
				2CD2E014191D6D38003E46AA /* PanningSound.cpp */,
				2CD2E015191D6D38003E46AA /* PanningSound.h */,
				2CD2E016191D6D38003E46AA /* SoundOut.cpp */,
				2CD2E017191D6D38003E46AA /* SoundOut.h */,
			);
			path = Sound;
			sourceTree = "<group>";
		};
		2CD2E018191D6D38003E46AA /* UI */ = {
			isa = PBXGroup;
			children = (
				2CD2E019191D6D38003E46AA /* Button.cpp */,
				2CD2E01A191D6D38003E46AA /* Button.h */,
				2CD2E01B191D6D38003E46AA /* CheckBox.cpp */,
				2CD2E01C191D6D38003E46AA /* CheckBox.h */,
				2CD2E01D191D6D38003E46AA /* ClientConsole.cpp */,
				2CD2E01E191D6D38003E46AA /* ClientConsole.h */,
				2CD2E01F191D6D38003E46AA /* DropDown.cpp */,
				2CD2E020191D6D38003E46AA /* DropDown.h */,
				2CD2E021191D6D38003E46AA /* FirstLoadScreen.cpp */,
				2CD2E022191D6D38003E46AA /* FirstLoadScreen.h */,
				2CD2E023191D6D38003E46AA /* Font.cpp */,
				2CD2E024191D6D38003E46AA /* Font.h */,
				2CD2E025191D6D38003E46AA /* GroupBox.cpp */,
				2CD2E026191D6D38003E46AA /* GroupBox.h */,
				2CD2E027191D6D38003E46AA /* Label.cpp */,
				2CD2E028191D6D38003E46AA /* Label.h */,
				2CD2E029191D6D38003E46AA /* LabelledButton.cpp */,
				2CD2E02A191D6D38003E46AA /* LabelledButton.h */,
				2CD2E02B191D6D38003E46AA /* Layer.cpp */,
				2CD2E02C191D6D38003E46AA /* Layer.h */,
				2CD2E02D191D6D38003E46AA /* LayerManager.cpp */,
				2CD2E02E191D6D38003E46AA /* LayerManager.h */,
				2CD2E02F191D6D38003E46AA /* ListBox.cpp */,
				2CD2E030191D6D38003E46AA /* ListBox.h */,
				2CD2E031191D6D38003E46AA /* MessageOverlay.cpp */,
				2CD2E032191D6D38003E46AA /* MessageOverlay.h */,
				2CD2E033191D6D38003E46AA /* Notification.cpp */,
				2CD2E034191D6D38003E46AA /* Notification.h */,
				2CD2E035191D6D38003E46AA /* Screensaver.cpp */,
				2CD2E036191D6D38003E46AA /* Screensaver.h */,
				2C81500229DD289100AE7B00 /* ScrollArea.cpp */,
				2C81500329DD289100AE7B00 /* ScrollArea.h */,
				2CD2E037191D6D38003E46AA /* TextBox.cpp */,
				2CD2E038191D6D38003E46AA /* TextBox.h */,
				2CD2E039191D6D38003E46AA /* TextFileViewer.cpp */,
				2CD2E03A191D6D38003E46AA /* TextFileViewer.h */,
				2CD2E03B191D6D38003E46AA /* WaitScreen.cpp */,
				2CD2E03C191D6D38003E46AA /* WaitScreen.h */,
				2CD2E03D191D6D38003E46AA /* Window.cpp */,
				2CD2E03E191D6D38003E46AA /* Window.h */,
			);
			path = UI;
			sourceTree = "<group>";
		};
		2CEFC4271EBBADD90044B237 /* VR */ = {
			isa = PBXGroup;
			children = (
				2CEFC4281EBBADD90044B237 /* HeadState.cpp */,
				2CEFC4291EBBADD90044B237 /* HeadState.h */,
			);
			path = VR;
			sourceTree = "<group>";
		};
/* End PBXGroup section */

/* Begin PBXNativeTarget section */
		8D1107260486CEB800E47090 /* XWing */ = {
			isa = PBXNativeTarget;
			buildConfigurationList = C01FCF4A08A954540054247B /* Build configuration list for PBXNativeTarget "XWing" */;
			buildPhases = (
				8D1107290486CEB800E47090 /* Resources */,
				8D11072C0486CEB800E47090 /* Sources */,
				8D11072E0486CEB800E47090 /* Frameworks */,
				002F39FD09D0883400EBEB88 /* Copy Frameworks into .app bundle */,
				2C6498D1191D74AA00F40942 /* ShellScript */,
			);
			buildRules = (
			);
			dependencies = (
			);
			name = XWing;
			productInstallPath = "$(HOME)/Applications";
			productName = XWing;
			productReference = 8D1107320486CEB800E47090 /* X-Wing Revival.app */;
			productType = "com.apple.product-type.application";
		};
/* End PBXNativeTarget section */

/* Begin PBXProject section */
		29B97313FDCFA39411CA2CEA /* Project object */ = {
			isa = PBXProject;
			attributes = {
				ORGANIZATIONNAME = Raptor007;
			};
			buildConfigurationList = C01FCF4E08A954540054247B /* Build configuration list for PBXProject "XWing" */;
			compatibilityVersion = "Xcode 2.4";
			developmentRegion = English;
			hasScannedForEncodings = 1;
			knownRegions = (
				en,
			);
			mainGroup = 29B97314FDCFA39411CA2CEA /* XWing */;
			projectDirPath = "";
			projectRoot = "";
			targets = (
				8D1107260486CEB800E47090 /* XWing */,
			);
		};
/* End PBXProject section */

/* Begin PBXResourcesBuildPhase section */
		8D1107290486CEB800E47090 /* Resources */ = {
			isa = PBXResourcesBuildPhase;
			buildActionMask = 2147483647;
			files = (
				8D11072B0486CEB800E47090 /* InfoPlist.strings in Resources */,
				2C27177417501FFE005CCFF4 /* xwing128.icns in Resources */,
			);
			runOnlyForDeploymentPostprocessing = 0;
		};
/* End PBXResourcesBuildPhase section */

/* Begin PBXShellScriptBuildPhase section */
		2C6498D1191D74AA00F40942 /* ShellScript */ = {
			isa = PBXShellScriptBuildPhase;
			buildActionMask = 2147483647;
			files = (
			);
			inputPaths = (
			);
			outputPaths = (
			);
			runOnlyForDeploymentPostprocessing = 0;
			shellPath = /bin/sh;
			shellScript = "";
		};
/* End PBXShellScriptBuildPhase section */

/* Begin PBXSourcesBuildPhase section */
		8D11072C0486CEB800E47090 /* Sources */ = {
			isa = PBXSourcesBuildPhase;
			buildActionMask = 2147483647;
			files = (
				2CD2DD34191D6D08003E46AA /* Asteroid.cpp in Sources */,
				2CD2DD35191D6D08003E46AA /* DeathStar.cpp in Sources */,
				2CD2DD36191D6D08003E46AA /* DeathStarBox.cpp in Sources */,
				2CD2DD37191D6D08003E46AA /* RenderLayer.cpp in Sources */,
				2CD2DD38191D6D08003E46AA /* Ship.cpp in Sources */,
				2CD2DD39191D6D08003E46AA /* Shot.cpp in Sources */,
				2CD2DD3A191D6D08003E46AA /* Turret.cpp in Sources */,
				2CD2DD3B191D6D08003E46AA /* Main.cpp in Sources */,
				2CD2DD3C191D6D08003E46AA /* IngameMenu.cpp in Sources */,
				2CD2DD3D191D6D08003E46AA /* JoinMenu.cpp in Sources */,
				2CD2DD3E191D6D08003E46AA /* LobbyMenu.cpp in Sources */,
				2CD2DD3F191D6D08003E46AA /* MainMenu.cpp in Sources */,
				2CD2DD40191D6D08003E46AA /* PrefsMenu.cpp in Sources */,
				2CD2DD41191D6D08003E46AA /* XWingGame.cpp in Sources */,
				2CD2DD42191D6D08003E46AA /* XWingServer.cpp in Sources */,
				2CD2E1CF191D6D38003E46AA /* RaptorGame.cpp in Sources */,
				2CD2E1D0191D6D38003E46AA /* RaptorServer.cpp in Sources */,
				2CD2E1D1191D6D38003E46AA /* GameData.cpp in Sources */,
				2CD2E1D2191D6D38003E46AA /* GameObject.cpp in Sources */,
				2CD2E1D3191D6D38003E46AA /* Player.cpp in Sources */,
				2CD2E1D4191D6D38003E46AA /* Animation.cpp in Sources */,
				2CD2E1D5191D6D38003E46AA /* Camera.cpp in Sources */,
				2CD2E1D6191D6D38003E46AA /* Color.cpp in Sources */,
				2CD2E1D7191D6D38003E46AA /* Effect.cpp in Sources */,
				2CD2E1D8191D6D38003E46AA /* Framebuffer.cpp in Sources */,
				2CD2E1D9191D6D38003E46AA /* Graphics.cpp in Sources */,
				2CD2E1DA191D6D38003E46AA /* Model.cpp in Sources */,
				2CD2E1DB191D6D38003E46AA /* Shader.cpp in Sources */,
				2CD2E1DC191D6D38003E46AA /* ShaderManager.cpp in Sources */,
				2CD2E1DD191D6D38003E46AA /* JoystickManager.cpp in Sources */,
				2CD2E1DE191D6D38003E46AA /* JoystickState.cpp in Sources */,
				2CD2E1DF191D6D38003E46AA /* KeyboardState.cpp in Sources */,
				2CD2E1E0191D6D38003E46AA /* MouseState.cpp in Sources */,
				2CD2E1E1191D6D38003E46AA /* ClientConfig.cpp in Sources */,
				2CD2E1E2191D6D38003E46AA /* Clock.cpp in Sources */,
				2CD2E1E3191D6D38003E46AA /* Endian.cpp in Sources */,
				2CD2E1E4191D6D38003E46AA /* File.cpp in Sources */,
				2CD2E1E5191D6D38003E46AA /* gettimeofday.cpp in Sources */,
				2CD2E1E6191D6D38003E46AA /* Identifier.cpp in Sources */,
				2CD2E1E7191D6D38003E46AA /* Math2D.cpp in Sources */,
				2CD2E1E8191D6D38003E46AA /* Math3D.cpp in Sources */,
				2CD2E1E9191D6D38003E46AA /* Mutex.cpp in Sources */,
				2CD2E1EA191D6D38003E46AA /* Num.cpp in Sources */,
				2CD2E1EB191D6D38003E46AA /* Pos.cpp in Sources */,
				2CD2E1EC191D6D38003E46AA /* Rand.cpp in Sources */,
				2CD2E1ED191D6D38003E46AA /* ResourceManager.cpp in Sources */,
				2CD2E1EE191D6D38003E46AA /* ServerConsole.cpp in Sources */,
				2CD2E1EF191D6D38003E46AA /* Str.cpp in Sources */,
				2CD2E1F0191D6D38003E46AA /* TextConsole.cpp in Sources */,
				2CD2E1F1191D6D38003E46AA /* Vec.cpp in Sources */,
				2CD2E1F2191D6D38003E46AA /* ConnectedClient.cpp in Sources */,
				2CD2E1F3191D6D38003E46AA /* NetClient.cpp in Sources */,
				2CD2E1F4191D6D38003E46AA /* NetServer.cpp in Sources */,
				2CD2E1F5191D6D38003E46AA /* NetUDP.cpp in Sources */,
				2CD2E1F6191D6D38003E46AA /* Packet.cpp in Sources */,
				2CD2E1F7191D6D38003E46AA /* PacketBuffer.cpp in Sources */,
				2CD2E1F8191D6D38003E46AA /* DirectOutputImpl.cpp in Sources */,
				2CD2E1F9191D6D38003E46AA /* SaitekDevice.cpp in Sources */,
				2CD2E1FA191D6D38003E46AA /* SaitekFIP.cpp in Sources */,
				2CD2E1FB191D6D38003E46AA /* SaitekManager.cpp in Sources */,
				2CD2E1FC191D6D38003E46AA /* SaitekX52Pro.cpp in Sources */,
				2CD2E1FD191D6D38003E46AA /* PanningSound.cpp in Sources */,
				2CD2E1FE191D6D38003E46AA /* SoundOut.cpp in Sources */,
				2CD2E1FF191D6D38003E46AA /* Button.cpp in Sources */,
				2CD2E200191D6D38003E46AA /* CheckBox.cpp in Sources */,
				2CD2E201191D6D38003E46AA /* ClientConsole.cpp in Sources */,
				2CD2E202191D6D38003E46AA /* DropDown.cpp in Sources */,
				2CD2E203191D6D38003E46AA /* FirstLoadScreen.cpp in Sources */,
				2CD2E204191D6D38003E46AA /* Font.cpp in Sources */,
				2CD2E205191D6D38003E46AA /* GroupBox.cpp in Sources */,
				2CD2E206191D6D38003E46AA /* Label.cpp in Sources */,
				2CD2E207191D6D38003E46AA /* LabelledButton.cpp in Sources */,
				2CD2E208191D6D38003E46AA /* Layer.cpp in Sources */,
				2CD2E209191D6D38003E46AA /* LayerManager.cpp in Sources */,
				2CD2E20A191D6D38003E46AA /* ListBox.cpp in Sources */,
				2CD2E20B191D6D38003E46AA /* MessageOverlay.cpp in Sources */,
				2CD2E20C191D6D38003E46AA /* Notification.cpp in Sources */,
				2CD2E20D191D6D38003E46AA /* Screensaver.cpp in Sources */,
				2CD2E20E191D6D38003E46AA /* TextBox.cpp in Sources */,
				2CD2E20F191D6D38003E46AA /* TextFileViewer.cpp in Sources */,
				2CD2E210191D6D38003E46AA /* WaitScreen.cpp in Sources */,
				2CD2E211191D6D38003E46AA /* Window.cpp in Sources */,
				2CEFC42A1EBBADD90044B237 /* HeadState.cpp in Sources */,
				2CABFEB0240537E9005387AD /* ShipClass.cpp in Sources */,
				2C814FFB29DD27F600AE7B00 /* InputManager.cpp in Sources */,
				2C814FFE29DD282000AE7B00 /* strtok_r.cpp in Sources */,
				2C81500129DD283C00AE7B00 /* Randomizer.cpp in Sources */,
				2C81500429DD289100AE7B00 /* ScrollArea.cpp in Sources */,
				2C05598929F3B821009CF3A4 /* FleetMenu.cpp in Sources */,
				2CAACE972AEA7CEC0049807F /* Checkpoint.cpp in Sources */,
			);
			runOnlyForDeploymentPostprocessing = 0;
		};
/* End PBXSourcesBuildPhase section */

/* Begin PBXVariantGroup section */
		089C165CFE840E0CC02AAC07 /* InfoPlist.strings */ = {
			isa = PBXVariantGroup;
			children = (
				089C165DFE840E0CC02AAC07 /* English */,
			);
			name = InfoPlist.strings;
			sourceTree = "<group>";
		};
/* End PBXVariantGroup section */

/* Begin XCBuildConfiguration section */
		C01FCF4B08A954540054247B /* Debug */ = {
			isa = XCBuildConfiguration;
			buildSettings = {
				ARCHS = (
					ppc,
					i386,
				);
				COPY_PHASE_STRIP = NO;
				GCC_DYNAMIC_NO_PIC = NO;
				GCC_ENABLE_FIX_AND_CONTINUE = YES;
				GCC_MODEL_TUNING = G5;
				GCC_OPTIMIZATION_LEVEL = 0;
				GCC_VERSION = 4.0;
				GENERATE_PROFILING_CODE = YES;
				HEADER_SEARCH_PATHS = "$(HEADER_SEARCH_PATHS)";
				INFOPLIST_FILE = Info.plist;
				INSTALL_PATH = "/Games/X-Wing Revival";
				LIBRARY_SEARCH_PATHS = "$(LIBRARY_SEARCH_PATHS)";
				PRODUCT_NAME = "X-Wing Revival";
				RUN_CLANG_STATIC_ANALYZER = YES;
				STRIP_INSTALLED_PRODUCT = NO;
				VALID_ARCHS = "ppc i386 x86_64";
				WRAPPER_EXTENSION = app;
				ZERO_LINK = NO;
			};
			name = Debug;
		};
		C01FCF4C08A954540054247B /* Release */ = {
			isa = XCBuildConfiguration;
			buildSettings = {
				ARCHS = (
					ppc,
					i386,
				);
				COPY_PHASE_STRIP = NO;
				GCC_GENERATE_DEBUGGING_SYMBOLS = NO;
				GCC_MODEL_TUNING = G5;
				GCC_VERSION = 4.0;
				GENERATE_PROFILING_CODE = YES;
				HEADER_SEARCH_PATHS = "$(HEADER_SEARCH_PATHS)";
				INFOPLIST_FILE = Info.plist;
				INSTALL_PATH = "/Games/X-Wing Revival";
				LIBRARY_SEARCH_PATHS = "$(LIBRARY_SEARCH_PATHS)";
				PRODUCT_NAME = "X-Wing Revival";
				RUN_CLANG_STATIC_ANALYZER = YES;
				STRIP_INSTALLED_PRODUCT = NO;
				VALID_ARCHS = "ppc i386 x86_64";
				WRAPPER_EXTENSION = app;
			};
			name = Release;
		};
		C01FCF4F08A954540054247B /* Debug */ = {
			isa = XCBuildConfiguration;
			buildSettings = {
				ALWAYS_SEARCH_USER_PATHS = YES;
				ARCHS = (
					ppc,
					i386,
					x86_64,
				);
				CONFIGURATION_BUILD_DIR = Data;
				COPY_PHASE_STRIP = NO;
				ENABLE_OPENMP_SUPPORT = NO;
				FRAMEWORK_SEARCH_PATHS = (
					/Library/Frameworks,
					"$(FRAMEWORK_SEARCH_PATHS)",
				);
				GCC_ALTIVEC_EXTENSIONS = NO;
				GCC_DYNAMIC_NO_PIC = YES;
				GCC_ENABLE_FIX_AND_CONTINUE = YES;
				GCC_MODEL_TUNING = G4;
				GCC_OPTIMIZATION_LEVEL = g;
				GCC_STRICT_ALIASING = NO;
				GCC_VERSION = 4.0;
				GCC_WARN_64_TO_32_BIT_CONVERSION = NO;
				GCC_WARN_ABOUT_MISSING_FIELD_INITIALIZERS = YES;
				GCC_WARN_ABOUT_RETURN_TYPE = YES;
				GCC_WARN_MISSING_PARENTHESES = YES;
				GCC_WARN_NON_VIRTUAL_DESTRUCTOR = YES;
				GCC_WARN_SIGN_COMPARE = YES;
				GCC_WARN_UNINITIALIZED_AUTOS = NO;
				GCC_WARN_UNUSED_PARAMETER = NO;
				GCC_WARN_UNUSED_VARIABLE = YES;
				HEADER_SEARCH_PATHS = (
					/opt/local/include/SDL,
					/opt/local/include,
					/usr/local/include,
					/usr/include,
					"$(HEADER_SEARCH_PATHS)",
				);
				LD_OPENMP_FLAGS = "";
				LIBRARY_SEARCH_PATHS = (
					/opt/local/lib,
					/usr/local/lib,
					/usr/lib,
					"$(LIBRARY_SEARCH_PATHS)",
				);
				OTHER_LDFLAGS = (
					/opt/local/lib/libSDL_net.a,
					/opt/local/lib/libSDL_ttf.a,
					/opt/local/lib/libSDL_image.a,
					/opt/local/lib/libSDL_mixer.a,
					/opt/local/lib/libSDL.a,
					/opt/local/lib/libSDLmain.a,
					/opt/local/lib/libGLEW.a,
					/usr/local/lib/libopenvr_api.dylib,
					/opt/local/lib/libmikmod.a,
					/opt/local/lib/libsmpeg.a,
					/opt/local/lib/libflac.a,
					/opt/local/lib/libpng.a,
					/opt/local/lib/libfreetype.a,
					/opt/local/lib/libvorbisfile.a,
					/opt/local/lib/libvorbis.a,
					/opt/local/lib/libogg.a,
					/opt/local/lib/libtiff.a,
					/opt/local/lib/libXrandr.a,
					/opt/local/lib/libXrender.a,
					/opt/local/lib/libXext.a,
					/opt/local/lib/libX11.a,
					/opt/local/lib/libxcb.a,
					/opt/local/lib/libXdmcp.a,
					/opt/local/lib/libXau.a,
					/opt/local/lib/libjpeg.a,
					/opt/local/lib/libbz2.a,
					/opt/local/lib/liblzma.a,
					/opt/local/lib/libz.a,
				);
				PREBINDING = NO;
				PRELINK_LIBS = "";
				SDKROOT = /Developer/SDKs/MacOSX10.4u.sdk;
				STRIP_INSTALLED_PRODUCT = NO;
				USER_HEADER_SEARCH_PATHS = "../RaptorEngine/** Sources/**";
				VALID_ARCHS = "ppc i386 x86_64";
				WARNING_CFLAGS = "-Wno-non-virtual-dtor";
			};
			name = Debug;
		};
		C01FCF5008A954540054247B /* Release */ = {
			isa = XCBuildConfiguration;
			buildSettings = {
				ALWAYS_SEARCH_USER_PATHS = YES;
				ARCHS = (
					ppc,
					i386,
					x86_64,
				);
				CONFIGURATION_BUILD_DIR = Data;
				COPY_PHASE_STRIP = NO;
				ENABLE_OPENMP_SUPPORT = NO;
				FRAMEWORK_SEARCH_PATHS = (
					/Library/Frameworks,
					"$(FRAMEWORK_SEARCH_PATHS)",
				);
				GCC_ALTIVEC_EXTENSIONS = YES;
				GCC_AUTO_VECTORIZATION = YES;
				GCC_DYNAMIC_NO_PIC = YES;
				GCC_ENABLE_SSE3_EXTENSIONS = YES;
				GCC_ENABLE_SUPPLEMENTAL_SSE3_INSTRUCTIONS = YES;
				GCC_MODEL_TUNING = G4;
				GCC_OPTIMIZATION_LEVEL = 3;
				GCC_STRICT_ALIASING = NO;
				GCC_VERSION = 4.0;
				GCC_WARN_64_TO_32_BIT_CONVERSION = NO;
				GCC_WARN_ABOUT_MISSING_FIELD_INITIALIZERS = YES;
				GCC_WARN_ABOUT_RETURN_TYPE = YES;
				GCC_WARN_MISSING_PARENTHESES = YES;
				GCC_WARN_NON_VIRTUAL_DESTRUCTOR = YES;
				GCC_WARN_SIGN_COMPARE = YES;
				GCC_WARN_UNINITIALIZED_AUTOS = YES;
				GCC_WARN_UNUSED_PARAMETER = NO;
				GCC_WARN_UNUSED_VARIABLE = YES;
				HEADER_SEARCH_PATHS = (
					/opt/local/include/SDL,
					/opt/local/include,
					/usr/local/include,
					/usr/include,
					"$(HEADER_SEARCH_PATHS)",
				);
				LD_OPENMP_FLAGS = "";
				LIBRARY_SEARCH_PATHS = (
					/opt/local/lib,
					/usr/local/lib,
					/usr/lib,
					"$(LIBRARY_SEARCH_PATHS)",
				);
				OTHER_LDFLAGS = (
					/opt/local/lib/libSDL_net.a,
					/opt/local/lib/libSDL_ttf.a,
					/opt/local/lib/libSDL_image.a,
					/opt/local/lib/libSDL_mixer.a,
					/opt/local/lib/libSDL.a,
					/opt/local/lib/libSDLmain.a,
					/opt/local/lib/libGLEW.a,
					/usr/local/lib/libopenvr_api.dylib,
					/opt/local/lib/libmikmod.a,
					/opt/local/lib/libsmpeg.a,
					/opt/local/lib/libflac.a,
					/opt/local/lib/libpng.a,
					/opt/local/lib/libfreetype.a,
					/opt/local/lib/libvorbisfile.a,
					/opt/local/lib/libvorbis.a,
					/opt/local/lib/libogg.a,
					/opt/local/lib/libtiff.a,
					/opt/local/lib/libXrandr.a,
					/opt/local/lib/libXrender.a,
					/opt/local/lib/libXext.a,
					/opt/local/lib/libX11.a,
					/opt/local/lib/libxcb.a,
					/opt/local/lib/libXdmcp.a,
					/opt/local/lib/libXau.a,
					/opt/local/lib/libjpeg.a,
					/opt/local/lib/libbz2.a,
					/opt/local/lib/liblzma.a,
					/opt/local/lib/libz.a,
				);
				PREBINDING = NO;
				PRELINK_LIBS = "";
				SDKROOT = /Developer/SDKs/MacOSX10.4u.sdk;
				STRIP_INSTALLED_PRODUCT = NO;
				USER_HEADER_SEARCH_PATHS = "../RaptorEngine/** Sources/**";
				VALID_ARCHS = "ppc i386 x86_64";
				WARNING_CFLAGS = "-Wno-non-virtual-dtor";
			};
			name = Release;
		};
/* End XCBuildConfiguration section */

/* Begin XCConfigurationList section */
		C01FCF4A08A954540054247B /* Build configuration list for PBXNativeTarget "XWing" */ = {
			isa = XCConfigurationList;
			buildConfigurations = (
				C01FCF4B08A954540054247B /* Debug */,
				C01FCF4C08A954540054247B /* Release */,
			);
			defaultConfigurationIsVisible = 0;
			defaultConfigurationName = Release;
		};
		C01FCF4E08A954540054247B /* Build configuration list for PBXProject "XWing" */ = {
			isa = XCConfigurationList;
			buildConfigurations = (
				C01FCF4F08A954540054247B /* Debug */,
				C01FCF5008A954540054247B /* Release */,
			);
			defaultConfigurationIsVisible = 0;
			defaultConfigurationName = Release;
		};
/* End XCConfigurationList section */
	};
	rootObject = 29B97313FDCFA39411CA2CEA /* Project object */;
}
